// !$*UTF8*$!
{
	archiveVersion = 1;
	classes = {
	};
	objectVersion = 46;
	objects = {

/* Begin PBXBuildFile section */
		42049B6116ADBC0F005DD1F9 /* libbullet.a in Frameworks */ = {isa = PBXBuildFile; fileRef = 42049B6016ADBC0F005DD1F9 /* libbullet.a */; };
		42049B6316ADBC30005DD1F9 /* libbullet.a in Frameworks */ = {isa = PBXBuildFile; fileRef = 42049B6216ADBC30005DD1F9 /* libbullet.a */; };
		42049B6516ADBC47005DD1F9 /* liblua.a in Frameworks */ = {isa = PBXBuildFile; fileRef = 42049B6416ADBC47005DD1F9 /* liblua.a */; };
		42049B6A16ADBC63005DD1F9 /* libogg.a in Frameworks */ = {isa = PBXBuildFile; fileRef = 42049B6616ADBC63005DD1F9 /* libogg.a */; };
		42049B6B16ADBC63005DD1F9 /* libvorbis.a in Frameworks */ = {isa = PBXBuildFile; fileRef = 42049B6716ADBC63005DD1F9 /* libvorbis.a */; };
		42049B6C16ADBC63005DD1F9 /* libvorbisenc.a in Frameworks */ = {isa = PBXBuildFile; fileRef = 42049B6816ADBC63005DD1F9 /* libvorbisenc.a */; };
		42049B6D16ADBC63005DD1F9 /* libvorbisfile.a in Frameworks */ = {isa = PBXBuildFile; fileRef = 42049B6916ADBC63005DD1F9 /* libvorbisfile.a */; };
		42049B6F16ADBC7A005DD1F9 /* libpng.a in Frameworks */ = {isa = PBXBuildFile; fileRef = 42049B6E16ADBC7A005DD1F9 /* libpng.a */; };
		42049B7116ADBC8B005DD1F9 /* libpng.a in Frameworks */ = {isa = PBXBuildFile; fileRef = 42049B7016ADBC8B005DD1F9 /* libpng.a */; };
		42049B7316ADBCAB005DD1F9 /* liblua.a in Frameworks */ = {isa = PBXBuildFile; fileRef = 42049B7216ADBCAB005DD1F9 /* liblua.a */; };
		42049B7816ADBCC3005DD1F9 /* libogg.a in Frameworks */ = {isa = PBXBuildFile; fileRef = 42049B7416ADBCC3005DD1F9 /* libogg.a */; };
		42049B7916ADBCC3005DD1F9 /* libvorbis.a in Frameworks */ = {isa = PBXBuildFile; fileRef = 42049B7516ADBCC3005DD1F9 /* libvorbis.a */; };
		42049B7A16ADBCC3005DD1F9 /* libvorbisenc.a in Frameworks */ = {isa = PBXBuildFile; fileRef = 42049B7616ADBCC3005DD1F9 /* libvorbisenc.a */; };
		42049B7B16ADBCC3005DD1F9 /* libvorbisfile.a in Frameworks */ = {isa = PBXBuildFile; fileRef = 42049B7716ADBCC3005DD1F9 /* libvorbisfile.a */; };
		424CC03C161FCBDD00577827 /* IOKit.framework in Frameworks */ = {isa = PBXBuildFile; fileRef = 424CC03B161FCBDD00577827 /* IOKit.framework */; };
		428F7BDE15CB131A009ED24C /* game.config in Resources */ = {isa = PBXBuildFile; fileRef = 428F7BDD15CB131A009ED24C /* game.config */; };
		42C932C11491A0DB0098216A /* Cocoa.framework in Frameworks */ = {isa = PBXBuildFile; fileRef = 42C932C01491A0DB0098216A /* Cocoa.framework */; };
		42C932EE1491A4CB0098216A /* icon.png in Resources */ = {isa = PBXBuildFile; fileRef = 42C932ED1491A4CB0098216A /* icon.png */; };
		42C932F31491A53E0098216A /* res in Resources */ = {isa = PBXBuildFile; fileRef = 42C932F21491A53E0098216A /* res */; };
		42C933171491A5EB0098216A /* OpenGL.framework in Frameworks */ = {isa = PBXBuildFile; fileRef = 42C933161491A5EB0098216A /* OpenGL.framework */; };
		42C9331D1491A6750098216A /* QuartzCore.framework in Frameworks */ = {isa = PBXBuildFile; fileRef = 42C9331C1491A6750098216A /* QuartzCore.framework */; };
		42C9331F1491A67F0098216A /* OpenAL.framework in Frameworks */ = {isa = PBXBuildFile; fileRef = 42C9331E1491A67F0098216A /* OpenAL.framework */; };
		42C9332F1491A78D0098216A /* libz.dylib in Frameworks */ = {isa = PBXBuildFile; fileRef = 42C9332D1491A7810098216A /* libz.dylib */; };
		5B61612614CCC24C0073B857 /* icon.png in Resources */ = {isa = PBXBuildFile; fileRef = 42C932ED1491A4CB0098216A /* icon.png */; };
		5B61612714CCC24C0073B857 /* res in Resources */ = {isa = PBXBuildFile; fileRef = 42C932F21491A53E0098216A /* res */; };
		900F97C417F915C900A26423 /* libz.dylib in Frameworks */ = {isa = PBXBuildFile; fileRef = 900F97C317F915C900A26423 /* libz.dylib */; };
		900F97C817F915D800A26423 /* CoreMotion.framework in Frameworks */ = {isa = PBXBuildFile; fileRef = 900F97C717F915D800A26423 /* CoreMotion.framework */; };
		900F97CA17F915E100A26423 /* Foundation.framework in Frameworks */ = {isa = PBXBuildFile; fileRef = 900F97C917F915E100A26423 /* Foundation.framework */; };
		900F97CC17F915EA00A26423 /* OpenAL.framework in Frameworks */ = {isa = PBXBuildFile; fileRef = 900F97CB17F915EA00A26423 /* OpenAL.framework */; };
		900F97CE17F915F300A26423 /* OpenGLES.framework in Frameworks */ = {isa = PBXBuildFile; fileRef = 900F97CD17F915F300A26423 /* OpenGLES.framework */; };
		900F97D017F915FB00A26423 /* QuartzCore.framework in Frameworks */ = {isa = PBXBuildFile; fileRef = 900F97CF17F915FB00A26423 /* QuartzCore.framework */; };
		900F97D217F9160200A26423 /* UIKit.framework in Frameworks */ = {isa = PBXBuildFile; fileRef = 900F97D117F9160200A26423 /* UIKit.framework */; };
		9064A5E517F91A0100A2721C /* libgameplay.a in Frameworks */ = {isa = PBXBuildFile; fileRef = 9041D24F16C6BAD50098C475 /* libgameplay.a */; };
		9064A5E617F91A1200A2721C /* libgameplay.a in Frameworks */ = {isa = PBXBuildFile; fileRef = 9041D24F16C6BAD50098C475 /* libgameplay.a */; };
		9064A5EC17F91FF500A2721C /* RestHandler.cpp in Sources */ = {isa = PBXBuildFile; fileRef = 9064A5EA17F91FF500A2721C /* RestHandler.cpp */; };
		9064A5ED17F91FF500A2721C /* RestHandler.cpp in Sources */ = {isa = PBXBuildFile; fileRef = 9064A5EA17F91FF500A2721C /* RestHandler.cpp */; };
		9064C22F1809E54200A2721C /* animation.cpp in Sources */ = {isa = PBXBuildFile; fileRef = 9064C22D1809E54200A2721C /* animation.cpp */; };
		9064C2301809E54200A2721C /* animation.cpp in Sources */ = {isa = PBXBuildFile; fileRef = 9064C22D1809E54200A2721C /* animation.cpp */; };
		9064C2331809E54B00A2721C /* menu.cpp in Sources */ = {isa = PBXBuildFile; fileRef = 9064C2311809E54B00A2721C /* menu.cpp */; };
		9064C2341809E54B00A2721C /* menu.cpp in Sources */ = {isa = PBXBuildFile; fileRef = 9064C2311809E54B00A2721C /* menu.cpp */; };
		9064C2411809E57200A2721C /* board_solver.cpp in Sources */ = {isa = PBXBuildFile; fileRef = 9064C23A1809E57100A2721C /* board_solver.cpp */; };
		9064C2421809E57200A2721C /* board_solver.cpp in Sources */ = {isa = PBXBuildFile; fileRef = 9064C23A1809E57100A2721C /* board_solver.cpp */; };
		9064C2431809E57200A2721C /* board.cpp in Sources */ = {isa = PBXBuildFile; fileRef = 9064C23D1809E57100A2721C /* board.cpp */; };
		9064C2441809E57200A2721C /* board.cpp in Sources */ = {isa = PBXBuildFile; fileRef = 9064C23D1809E57100A2721C /* board.cpp */; };
		9064C2451809E57200A2721C /* dice_manager.cpp in Sources */ = {isa = PBXBuildFile; fileRef = 9064C23F1809E57200A2721C /* dice_manager.cpp */; };
		9064C2461809E57200A2721C /* dice_manager.cpp in Sources */ = {isa = PBXBuildFile; fileRef = 9064C23F1809E57200A2721C /* dice_manager.cpp */; };
		9064C2581809E58600A2721C /* timer_controller.cpp in Sources */ = {isa = PBXBuildFile; fileRef = 9064C2481809E58600A2721C /* timer_controller.cpp */; };
		9064C2591809E58600A2721C /* timer_controller.cpp in Sources */ = {isa = PBXBuildFile; fileRef = 9064C2481809E58600A2721C /* timer_controller.cpp */; };
		9064C25A1809E58600A2721C /* board_view.cpp in Sources */ = {isa = PBXBuildFile; fileRef = 9064C2491809E58600A2721C /* board_view.cpp */; };
		9064C25B1809E58600A2721C /* board_view.cpp in Sources */ = {isa = PBXBuildFile; fileRef = 9064C2491809E58600A2721C /* board_view.cpp */; };
		9064C25C1809E58600A2721C /* menu_icon.cpp in Sources */ = {isa = PBXBuildFile; fileRef = 9064C24B1809E58600A2721C /* menu_icon.cpp */; };
		9064C25D1809E58600A2721C /* menu_icon.cpp in Sources */ = {isa = PBXBuildFile; fileRef = 9064C24B1809E58600A2721C /* menu_icon.cpp */; };
		9064C25E1809E58600A2721C /* score_view.cpp in Sources */ = {isa = PBXBuildFile; fileRef = 9064C24D1809E58600A2721C /* score_view.cpp */; };
		9064C25F1809E58600A2721C /* score_view.cpp in Sources */ = {isa = PBXBuildFile; fileRef = 9064C24D1809E58600A2721C /* score_view.cpp */; };
		9064C2601809E58600A2721C /* selected_text_connector.cpp in Sources */ = {isa = PBXBuildFile; fileRef = 9064C24F1809E58600A2721C /* selected_text_connector.cpp */; };
		9064C2611809E58600A2721C /* selected_text_connector.cpp in Sources */ = {isa = PBXBuildFile; fileRef = 9064C24F1809E58600A2721C /* selected_text_connector.cpp */; };
		9064C2621809E58600A2721C /* selected_text_label.cpp in Sources */ = {isa = PBXBuildFile; fileRef = 9064C2511809E58600A2721C /* selected_text_label.cpp */; };
		9064C2631809E58600A2721C /* selected_text_label.cpp in Sources */ = {isa = PBXBuildFile; fileRef = 9064C2511809E58600A2721C /* selected_text_label.cpp */; };
		9064C2641809E58600A2721C /* tile.cpp in Sources */ = {isa = PBXBuildFile; fileRef = 9064C2531809E58600A2721C /* tile.cpp */; };
		9064C2651809E58600A2721C /* tile.cpp in Sources */ = {isa = PBXBuildFile; fileRef = 9064C2531809E58600A2721C /* tile.cpp */; };
		9064C2661809E58600A2721C /* time_tank_view.cpp in Sources */ = {isa = PBXBuildFile; fileRef = 9064C2551809E58600A2721C /* time_tank_view.cpp */; };
		9064C2671809E58600A2721C /* time_tank_view.cpp in Sources */ = {isa = PBXBuildFile; fileRef = 9064C2551809E58600A2721C /* time_tank_view.cpp */; };
		9064C26C1809E59500A2721C /* game_scene.cpp in Sources */ = {isa = PBXBuildFile; fileRef = 9064C2681809E59500A2721C /* game_scene.cpp */; };
		9064C26D1809E59500A2721C /* game_scene.cpp in Sources */ = {isa = PBXBuildFile; fileRef = 9064C2681809E59500A2721C /* game_scene.cpp */; };
		9064C26E1809E59500A2721C /* game_state_model.cpp in Sources */ = {isa = PBXBuildFile; fileRef = 9064C26A1809E59500A2721C /* game_state_model.cpp */; };
		9064C26F1809E59500A2721C /* game_state_model.cpp in Sources */ = {isa = PBXBuildFile; fileRef = 9064C26A1809E59500A2721C /* game_state_model.cpp */; };
		9064C2761809E5B700A2721C /* boggle_solver.cc in Sources */ = {isa = PBXBuildFile; fileRef = 9064C2711809E5B700A2721C /* boggle_solver.cc */; };
		9064C2771809E5B700A2721C /* boggle_solver.cc in Sources */ = {isa = PBXBuildFile; fileRef = 9064C2711809E5B700A2721C /* boggle_solver.cc */; };
		9064C2781809E5B700A2721C /* boggler.cc in Sources */ = {isa = PBXBuildFile; fileRef = 9064C2731809E5B700A2721C /* boggler.cc */; };
		9064C2791809E5B700A2721C /* boggler.cc in Sources */ = {isa = PBXBuildFile; fileRef = 9064C2731809E5B700A2721C /* boggler.cc */; };
		9064C27A1809E5B700A2721C /* trie.cc in Sources */ = {isa = PBXBuildFile; fileRef = 9064C2751809E5B700A2721C /* trie.cc */; };
		9064C27B1809E5B700A2721C /* trie.cc in Sources */ = {isa = PBXBuildFile; fileRef = 9064C2751809E5B700A2721C /* trie.cc */; };
		9064C2871809E5CF00A2721C /* words.cpp in Sources */ = {isa = PBXBuildFile; fileRef = 9064C27C1809E5CF00A2721C /* words.cpp */; };
		9064C2881809E5CF00A2721C /* words.cpp in Sources */ = {isa = PBXBuildFile; fileRef = 9064C27C1809E5CF00A2721C /* words.cpp */; };
		9064C2891809E5CF00A2721C /* camera_control.cpp in Sources */ = {isa = PBXBuildFile; fileRef = 9064C27D1809E5CF00A2721C /* camera_control.cpp */; };
		9064C28A1809E5CF00A2721C /* camera_control.cpp in Sources */ = {isa = PBXBuildFile; fileRef = 9064C27D1809E5CF00A2721C /* camera_control.cpp */; };
		9064C28B1809E5CF00A2721C /* input_event_handler.cpp in Sources */ = {isa = PBXBuildFile; fileRef = 9064C27F1809E5CF00A2721C /* input_event_handler.cpp */; };
		9064C28C1809E5CF00A2721C /* input_event_handler.cpp in Sources */ = {isa = PBXBuildFile; fileRef = 9064C27F1809E5CF00A2721C /* input_event_handler.cpp */; };
		9064C28D1809E5CF00A2721C /* renderable_node_repository.cpp in Sources */ = {isa = PBXBuildFile; fileRef = 9064C2811809E5CF00A2721C /* renderable_node_repository.cpp */; };
		9064C28E1809E5CF00A2721C /* renderable_node_repository.cpp in Sources */ = {isa = PBXBuildFile; fileRef = 9064C2811809E5CF00A2721C /* renderable_node_repository.cpp */; };
		9064C28F1809E5CF00A2721C /* statistics.cpp in Sources */ = {isa = PBXBuildFile; fileRef = 9064C2831809E5CF00A2721C /* statistics.cpp */; };
		9064C2901809E5CF00A2721C /* statistics.cpp in Sources */ = {isa = PBXBuildFile; fileRef = 9064C2831809E5CF00A2721C /* statistics.cpp */; };
		9064C2921809E6AD00A2721C /* scene_manager.cpp in Sources */ = {isa = PBXBuildFile; fileRef = 9064C2911809E6AD00A2721C /* scene_manager.cpp */; };
		9064C2931809E6AD00A2721C /* scene_manager.cpp in Sources */ = {isa = PBXBuildFile; fileRef = 9064C2911809E6AD00A2721C /* scene_manager.cpp */; };
		90BF0A9E16ED8952005ED530 /* iOSHandler.mm in Sources */ = {isa = PBXBuildFile; fileRef = 90BF0A9D16ED8952005ED530 /* iOSHandler.mm */; };
		90BF0A9F16ED8952005ED530 /* iOSHandler.mm in Sources */ = {isa = PBXBuildFile; fileRef = 90BF0A9D16ED8952005ED530 /* iOSHandler.mm */; };
		90BF0AA416ED94AB005ED530 /* board_file_loader.cpp in Sources */ = {isa = PBXBuildFile; fileRef = 90BF0AA216ED94AB005ED530 /* board_file_loader.cpp */; };
		90BF0AA516ED94AB005ED530 /* board_file_loader.cpp in Sources */ = {isa = PBXBuildFile; fileRef = 90BF0AA216ED94AB005ED530 /* board_file_loader.cpp */; };
		90BF0AA816F00D3C005ED530 /* solver_worker.cpp in Sources */ = {isa = PBXBuildFile; fileRef = 90BF0AA616F00D3C005ED530 /* solver_worker.cpp */; };
		90BF0AA916F00D3C005ED530 /* solver_worker.cpp in Sources */ = {isa = PBXBuildFile; fileRef = 90BF0AA616F00D3C005ED530 /* solver_worker.cpp */; };
/* End PBXBuildFile section */

/* Begin PBXContainerItemProxy section */
		9041D24E16C6BAD50098C475 /* PBXContainerItemProxy */ = {
			isa = PBXContainerItemProxy;
			containerPortal = 5BC4E77F150F879E00CBE1C0 /* gameplay.xcodeproj */;
			proxyType = 2;
			remoteGlobalIDString = 4234D99A14686C52003031B3;
			remoteInfo = "gameplay-macosx";
		};
		9041D25016C6BAD50098C475 /* PBXContainerItemProxy */ = {
			isa = PBXContainerItemProxy;
			containerPortal = 5BC4E77F150F879E00CBE1C0 /* gameplay.xcodeproj */;
			proxyType = 2;
			remoteGlobalIDString = 5B04C5CA14BFCFE100EB0071;
			remoteInfo = "gameplay-ios";
		};
/* End PBXContainerItemProxy section */

/* Begin PBXFileReference section */
		42049B6016ADBC0F005DD1F9 /* libbullet.a */ = {isa = PBXFileReference; lastKnownFileType = archive.ar; name = libbullet.a; path = "../gameplay-1.6/external-deps/bullet/lib/ios/armv7/libbullet.a"; sourceTree = "<group>"; };
		42049B6216ADBC30005DD1F9 /* libbullet.a */ = {isa = PBXFileReference; lastKnownFileType = archive.ar; name = libbullet.a; path = "../gameplay-1.6/external-deps/bullet/lib/macosx/libbullet.a"; sourceTree = "<group>"; };
		42049B6416ADBC47005DD1F9 /* liblua.a */ = {isa = PBXFileReference; lastKnownFileType = archive.ar; name = liblua.a; path = "../gameplay-1.6/external-deps/lua/lib/macosx/liblua.a"; sourceTree = "<group>"; };
		42049B6616ADBC63005DD1F9 /* libogg.a */ = {isa = PBXFileReference; lastKnownFileType = archive.ar; name = libogg.a; path = "../gameplay-1.6/external-deps/oggvorbis/lib/macosx/libogg.a"; sourceTree = "<group>"; };
		42049B6716ADBC63005DD1F9 /* libvorbis.a */ = {isa = PBXFileReference; lastKnownFileType = archive.ar; name = libvorbis.a; path = "../gameplay-1.6/external-deps/oggvorbis/lib/macosx/libvorbis.a"; sourceTree = "<group>"; };
		42049B6816ADBC63005DD1F9 /* libvorbisenc.a */ = {isa = PBXFileReference; lastKnownFileType = archive.ar; name = libvorbisenc.a; path = "../gameplay-1.6/external-deps/oggvorbis/lib/macosx/libvorbisenc.a"; sourceTree = "<group>"; };
		42049B6916ADBC63005DD1F9 /* libvorbisfile.a */ = {isa = PBXFileReference; lastKnownFileType = archive.ar; name = libvorbisfile.a; path = "../gameplay-1.6/external-deps/oggvorbis/lib/macosx/libvorbisfile.a"; sourceTree = "<group>"; };
		42049B6E16ADBC7A005DD1F9 /* libpng.a */ = {isa = PBXFileReference; lastKnownFileType = archive.ar; name = libpng.a; path = "../gameplay-1.6/external-deps/libpng/lib/macosx/libpng.a"; sourceTree = "<group>"; };
		42049B7016ADBC8B005DD1F9 /* libpng.a */ = {isa = PBXFileReference; lastKnownFileType = archive.ar; name = libpng.a; path = "../gameplay-1.6/external-deps/libpng/lib/ios/armv7/libpng.a"; sourceTree = "<group>"; };
		42049B7216ADBCAB005DD1F9 /* liblua.a */ = {isa = PBXFileReference; lastKnownFileType = archive.ar; name = liblua.a; path = "../gameplay-1.6/external-deps/lua/lib/ios/armv7/liblua.a"; sourceTree = "<group>"; };
		42049B7416ADBCC3005DD1F9 /* libogg.a */ = {isa = PBXFileReference; lastKnownFileType = archive.ar; name = libogg.a; path = "../gameplay-1.6/external-deps/oggvorbis/lib/ios/armv7/libogg.a"; sourceTree = "<group>"; };
		42049B7516ADBCC3005DD1F9 /* libvorbis.a */ = {isa = PBXFileReference; lastKnownFileType = archive.ar; name = libvorbis.a; path = "../gameplay-1.6/external-deps/oggvorbis/lib/ios/armv7/libvorbis.a"; sourceTree = "<group>"; };
		42049B7616ADBCC3005DD1F9 /* libvorbisenc.a */ = {isa = PBXFileReference; lastKnownFileType = archive.ar; name = libvorbisenc.a; path = "../gameplay-1.6/external-deps/oggvorbis/lib/ios/armv7/libvorbisenc.a"; sourceTree = "<group>"; };
		42049B7716ADBCC3005DD1F9 /* libvorbisfile.a */ = {isa = PBXFileReference; lastKnownFileType = archive.ar; name = libvorbisfile.a; path = "../gameplay-1.6/external-deps/oggvorbis/lib/ios/armv7/libvorbisfile.a"; sourceTree = "<group>"; };
		424CC03B161FCBDD00577827 /* IOKit.framework */ = {isa = PBXFileReference; lastKnownFileType = wrapper.framework; name = IOKit.framework; path = System/Library/Frameworks/IOKit.framework; sourceTree = SDKROOT; };
		428F7BDD15CB131A009ED24C /* game.config */ = {isa = PBXFileReference; fileEncoding = 4; lastKnownFileType = text; path = game.config; sourceTree = "<group>"; };
		42C932BC1491A0DB0098216A /* words-macosx.app */ = {isa = PBXFileReference; explicitFileType = wrapper.application; includeInIndex = 0; path = "words-macosx.app"; sourceTree = BUILT_PRODUCTS_DIR; };
		42C932C01491A0DB0098216A /* Cocoa.framework */ = {isa = PBXFileReference; lastKnownFileType = wrapper.framework; name = Cocoa.framework; path = System/Library/Frameworks/Cocoa.framework; sourceTree = SDKROOT; };
		42C932ED1491A4CB0098216A /* icon.png */ = {isa = PBXFileReference; lastKnownFileType = image.png; path = icon.png; sourceTree = "<group>"; };
		42C932F21491A53E0098216A /* res */ = {isa = PBXFileReference; lastKnownFileType = folder; path = res; sourceTree = "<group>"; };
		42C933161491A5EB0098216A /* OpenGL.framework */ = {isa = PBXFileReference; lastKnownFileType = wrapper.framework; name = OpenGL.framework; path = System/Library/Frameworks/OpenGL.framework; sourceTree = SDKROOT; };
		42C9331C1491A6750098216A /* QuartzCore.framework */ = {isa = PBXFileReference; lastKnownFileType = wrapper.framework; name = QuartzCore.framework; path = System/Library/Frameworks/QuartzCore.framework; sourceTree = SDKROOT; };
		42C9331E1491A67F0098216A /* OpenAL.framework */ = {isa = PBXFileReference; lastKnownFileType = wrapper.framework; name = OpenAL.framework; path = System/Library/Frameworks/OpenAL.framework; sourceTree = SDKROOT; };
		42C9332D1491A7810098216A /* libz.dylib */ = {isa = PBXFileReference; lastKnownFileType = "compiled.mach-o.dylib"; name = libz.dylib; path = usr/lib/libz.dylib; sourceTree = SDKROOT; };
		5B61611214CCC2200073B857 /* words-macosx.plist */ = {isa = PBXFileReference; fileEncoding = 4; lastKnownFileType = text.plist.xml; path = "words-macosx.plist"; sourceTree = "<group>"; };
		5B61612C14CCC24C0073B857 /* words-ios.app */ = {isa = PBXFileReference; explicitFileType = wrapper.application; includeInIndex = 0; path = "words-ios.app"; sourceTree = BUILT_PRODUCTS_DIR; };
		5B61612E14CCC24D0073B857 /* words-ios.plist */ = {isa = PBXFileReference; lastKnownFileType = text.plist.xml; path = "words-ios.plist"; sourceTree = "<group>"; };
		5BC4E77F150F879E00CBE1C0 /* gameplay.xcodeproj */ = {isa = PBXFileReference; lastKnownFileType = "wrapper.pb-project"; name = gameplay.xcodeproj; path = "../gameplay-1.6/gameplay/gameplay.xcodeproj"; sourceTree = SOURCE_ROOT; };
		5BC4E849150F911D00CBE1C0 /* shaders */ = {isa = PBXFileReference; lastKnownFileType = text; name = shaders; path = "../gameplay-1.6/gameplay/res/shaders"; sourceTree = SOURCE_ROOT; };
		900F97C317F915C900A26423 /* libz.dylib */ = {isa = PBXFileReference; lastKnownFileType = "compiled.mach-o.dylib"; name = libz.dylib; path = Platforms/iPhoneOS.platform/Developer/SDKs/iPhoneOS7.0.sdk/usr/lib/libz.dylib; sourceTree = DEVELOPER_DIR; };
		900F97C717F915D800A26423 /* CoreMotion.framework */ = {isa = PBXFileReference; lastKnownFileType = wrapper.framework; name = CoreMotion.framework; path = Platforms/iPhoneOS.platform/Developer/SDKs/iPhoneOS7.0.sdk/System/Library/Frameworks/CoreMotion.framework; sourceTree = DEVELOPER_DIR; };
		900F97C917F915E100A26423 /* Foundation.framework */ = {isa = PBXFileReference; lastKnownFileType = wrapper.framework; name = Foundation.framework; path = Platforms/iPhoneOS.platform/Developer/SDKs/iPhoneOS7.0.sdk/System/Library/Frameworks/Foundation.framework; sourceTree = DEVELOPER_DIR; };
		900F97CB17F915EA00A26423 /* OpenAL.framework */ = {isa = PBXFileReference; lastKnownFileType = wrapper.framework; name = OpenAL.framework; path = Platforms/iPhoneOS.platform/Developer/SDKs/iPhoneOS7.0.sdk/System/Library/Frameworks/OpenAL.framework; sourceTree = DEVELOPER_DIR; };
		900F97CD17F915F300A26423 /* OpenGLES.framework */ = {isa = PBXFileReference; lastKnownFileType = wrapper.framework; name = OpenGLES.framework; path = Platforms/iPhoneOS.platform/Developer/SDKs/iPhoneOS7.0.sdk/System/Library/Frameworks/OpenGLES.framework; sourceTree = DEVELOPER_DIR; };
		900F97CF17F915FB00A26423 /* QuartzCore.framework */ = {isa = PBXFileReference; lastKnownFileType = wrapper.framework; name = QuartzCore.framework; path = Platforms/iPhoneOS.platform/Developer/SDKs/iPhoneOS7.0.sdk/System/Library/Frameworks/QuartzCore.framework; sourceTree = DEVELOPER_DIR; };
		900F97D117F9160200A26423 /* UIKit.framework */ = {isa = PBXFileReference; lastKnownFileType = wrapper.framework; name = UIKit.framework; path = Platforms/iPhoneOS.platform/Developer/SDKs/iPhoneOS7.0.sdk/System/Library/Frameworks/UIKit.framework; sourceTree = DEVELOPER_DIR; };
		9064A5EA17F91FF500A2721C /* RestHandler.cpp */ = {isa = PBXFileReference; fileEncoding = 4; lastKnownFileType = sourcecode.cpp.cpp; path = RestHandler.cpp; sourceTree = "<group>"; };
		9064C22D1809E54200A2721C /* animation.cpp */ = {isa = PBXFileReference; fileEncoding = 4; lastKnownFileType = sourcecode.cpp.cpp; name = animation.cpp; path = misc/animation.cpp; sourceTree = "<group>"; };
		9064C22E1809E54200A2721C /* animation.hpp */ = {isa = PBXFileReference; fileEncoding = 4; lastKnownFileType = sourcecode.cpp.h; name = animation.hpp; path = misc/animation.hpp; sourceTree = "<group>"; };
		9064C2311809E54B00A2721C /* menu.cpp */ = {isa = PBXFileReference; fileEncoding = 4; lastKnownFileType = sourcecode.cpp.cpp; name = menu.cpp; path = menu/menu.cpp; sourceTree = "<group>"; };
		9064C2321809E54B00A2721C /* menu.hpp */ = {isa = PBXFileReference; fileEncoding = 4; lastKnownFileType = sourcecode.cpp.h; name = menu.hpp; path = menu/menu.hpp; sourceTree = "<group>"; };
		9064C2351809E55700A2721C /* scene_manager.hpp */ = {isa = PBXFileReference; fileEncoding = 4; lastKnownFileType = sourcecode.cpp.h; name = scene_manager.hpp; path = ext/scene_manager.hpp; sourceTree = "<group>"; };
		9064C2361809E55700A2721C /* board_file_loader.hpp */ = {isa = PBXFileReference; fileEncoding = 4; lastKnownFileType = sourcecode.cpp.h; name = board_file_loader.hpp; path = ext/board_file_loader.hpp; sourceTree = "<group>"; };
		9064C2371809E55700A2721C /* rest_handler.hpp */ = {isa = PBXFileReference; fileEncoding = 4; lastKnownFileType = sourcecode.cpp.h; name = rest_handler.hpp; path = ext/rest_handler.hpp; sourceTree = "<group>"; };
		9064C2381809E55700A2721C /* solver_worker.hpp */ = {isa = PBXFileReference; fileEncoding = 4; lastKnownFileType = sourcecode.cpp.h; name = solver_worker.hpp; path = ext/solver_worker.hpp; sourceTree = "<group>"; };
		9064C23A1809E57100A2721C /* board_solver.cpp */ = {isa = PBXFileReference; fileEncoding = 4; lastKnownFileType = sourcecode.cpp.cpp; name = board_solver.cpp; path = game/board/board_solver.cpp; sourceTree = "<group>"; };
		9064C23B1809E57100A2721C /* board_solver.hpp */ = {isa = PBXFileReference; fileEncoding = 4; lastKnownFileType = sourcecode.cpp.h; name = board_solver.hpp; path = game/board/board_solver.hpp; sourceTree = "<group>"; };
		9064C23C1809E57100A2721C /* board_tile.hpp */ = {isa = PBXFileReference; fileEncoding = 4; lastKnownFileType = sourcecode.cpp.h; name = board_tile.hpp; path = game/board/board_tile.hpp; sourceTree = "<group>"; };
		9064C23D1809E57100A2721C /* board.cpp */ = {isa = PBXFileReference; fileEncoding = 4; lastKnownFileType = sourcecode.cpp.cpp; name = board.cpp; path = game/board/board.cpp; sourceTree = "<group>"; };
		9064C23E1809E57100A2721C /* board.hpp */ = {isa = PBXFileReference; fileEncoding = 4; lastKnownFileType = sourcecode.cpp.h; name = board.hpp; path = game/board/board.hpp; sourceTree = "<group>"; };
		9064C23F1809E57200A2721C /* dice_manager.cpp */ = {isa = PBXFileReference; fileEncoding = 4; lastKnownFileType = sourcecode.cpp.cpp; name = dice_manager.cpp; path = game/board/dice_manager.cpp; sourceTree = "<group>"; };
		9064C2401809E57200A2721C /* dice_manager.hpp */ = {isa = PBXFileReference; fileEncoding = 4; lastKnownFileType = sourcecode.cpp.h; name = dice_manager.hpp; path = game/board/dice_manager.hpp; sourceTree = "<group>"; };
		9064C2481809E58600A2721C /* timer_controller.cpp */ = {isa = PBXFileReference; fileEncoding = 4; lastKnownFileType = sourcecode.cpp.cpp; name = timer_controller.cpp; path = game/views/timer_controller.cpp; sourceTree = "<group>"; };
		9064C2491809E58600A2721C /* board_view.cpp */ = {isa = PBXFileReference; fileEncoding = 4; lastKnownFileType = sourcecode.cpp.cpp; name = board_view.cpp; path = game/views/board_view.cpp; sourceTree = "<group>"; };
		9064C24A1809E58600A2721C /* board_view.hpp */ = {isa = PBXFileReference; fileEncoding = 4; lastKnownFileType = sourcecode.cpp.h; name = board_view.hpp; path = game/views/board_view.hpp; sourceTree = "<group>"; };
		9064C24B1809E58600A2721C /* menu_icon.cpp */ = {isa = PBXFileReference; fileEncoding = 4; lastKnownFileType = sourcecode.cpp.cpp; name = menu_icon.cpp; path = game/views/menu_icon.cpp; sourceTree = "<group>"; };
		9064C24C1809E58600A2721C /* menu_icon.hpp */ = {isa = PBXFileReference; fileEncoding = 4; lastKnownFileType = sourcecode.cpp.h; name = menu_icon.hpp; path = game/views/menu_icon.hpp; sourceTree = "<group>"; };
		9064C24D1809E58600A2721C /* score_view.cpp */ = {isa = PBXFileReference; fileEncoding = 4; lastKnownFileType = sourcecode.cpp.cpp; name = score_view.cpp; path = game/views/score_view.cpp; sourceTree = "<group>"; };
		9064C24E1809E58600A2721C /* score_view.hpp */ = {isa = PBXFileReference; fileEncoding = 4; lastKnownFileType = sourcecode.cpp.h; name = score_view.hpp; path = game/views/score_view.hpp; sourceTree = "<group>"; };
		9064C24F1809E58600A2721C /* selected_text_connector.cpp */ = {isa = PBXFileReference; fileEncoding = 4; lastKnownFileType = sourcecode.cpp.cpp; name = selected_text_connector.cpp; path = game/views/selected_text_connector.cpp; sourceTree = "<group>"; };
		9064C2501809E58600A2721C /* selected_text_connector.hpp */ = {isa = PBXFileReference; fileEncoding = 4; lastKnownFileType = sourcecode.cpp.h; name = selected_text_connector.hpp; path = game/views/selected_text_connector.hpp; sourceTree = "<group>"; };
		9064C2511809E58600A2721C /* selected_text_label.cpp */ = {isa = PBXFileReference; fileEncoding = 4; lastKnownFileType = sourcecode.cpp.cpp; name = selected_text_label.cpp; path = game/views/selected_text_label.cpp; sourceTree = "<group>"; };
		9064C2521809E58600A2721C /* selected_text_label.hpp */ = {isa = PBXFileReference; fileEncoding = 4; lastKnownFileType = sourcecode.cpp.h; name = selected_text_label.hpp; path = game/views/selected_text_label.hpp; sourceTree = "<group>"; };
		9064C2531809E58600A2721C /* tile.cpp */ = {isa = PBXFileReference; fileEncoding = 4; lastKnownFileType = sourcecode.cpp.cpp; name = tile.cpp; path = game/views/tile.cpp; sourceTree = "<group>"; };
		9064C2541809E58600A2721C /* tile.hpp */ = {isa = PBXFileReference; fileEncoding = 4; lastKnownFileType = sourcecode.cpp.h; name = tile.hpp; path = game/views/tile.hpp; sourceTree = "<group>"; };
		9064C2551809E58600A2721C /* time_tank_view.cpp */ = {isa = PBXFileReference; fileEncoding = 4; lastKnownFileType = sourcecode.cpp.cpp; name = time_tank_view.cpp; path = game/views/time_tank_view.cpp; sourceTree = "<group>"; };
		9064C2561809E58600A2721C /* time_tank_view.hpp */ = {isa = PBXFileReference; fileEncoding = 4; lastKnownFileType = sourcecode.cpp.h; name = time_tank_view.hpp; path = game/views/time_tank_view.hpp; sourceTree = "<group>"; };
		9064C2571809E58600A2721C /* timer_controller.hpp */ = {isa = PBXFileReference; fileEncoding = 4; lastKnownFileType = sourcecode.cpp.h; name = timer_controller.hpp; path = game/views/timer_controller.hpp; sourceTree = "<group>"; };
		9064C2681809E59500A2721C /* game_scene.cpp */ = {isa = PBXFileReference; fileEncoding = 4; lastKnownFileType = sourcecode.cpp.cpp; name = game_scene.cpp; path = game/game_scene.cpp; sourceTree = "<group>"; };
		9064C2691809E59500A2721C /* game_scene.hpp */ = {isa = PBXFileReference; fileEncoding = 4; lastKnownFileType = sourcecode.cpp.h; name = game_scene.hpp; path = game/game_scene.hpp; sourceTree = "<group>"; };
		9064C26A1809E59500A2721C /* game_state_model.cpp */ = {isa = PBXFileReference; fileEncoding = 4; lastKnownFileType = sourcecode.cpp.cpp; name = game_state_model.cpp; path = game/game_state_model.cpp; sourceTree = "<group>"; };
		9064C26B1809E59500A2721C /* game_state_model.hpp */ = {isa = PBXFileReference; fileEncoding = 4; lastKnownFileType = sourcecode.cpp.h; name = game_state_model.hpp; path = game/game_state_model.hpp; sourceTree = "<group>"; };
		9064C2701809E5B700A2721C /* trie.h */ = {isa = PBXFileReference; fileEncoding = 4; lastKnownFileType = sourcecode.c.h; path = trie.h; sourceTree = "<group>"; };
		9064C2711809E5B700A2721C /* boggle_solver.cc */ = {isa = PBXFileReference; fileEncoding = 4; lastKnownFileType = sourcecode.cpp.cpp; path = boggle_solver.cc; sourceTree = "<group>"; };
		9064C2721809E5B700A2721C /* boggle_solver.h */ = {isa = PBXFileReference; fileEncoding = 4; lastKnownFileType = sourcecode.c.h; path = boggle_solver.h; sourceTree = "<group>"; };
		9064C2731809E5B700A2721C /* boggler.cc */ = {isa = PBXFileReference; fileEncoding = 4; lastKnownFileType = sourcecode.cpp.cpp; path = boggler.cc; sourceTree = "<group>"; };
		9064C2741809E5B700A2721C /* boggler.h */ = {isa = PBXFileReference; fileEncoding = 4; lastKnownFileType = sourcecode.c.h; path = boggler.h; sourceTree = "<group>"; };
		9064C2751809E5B700A2721C /* trie.cc */ = {isa = PBXFileReference; fileEncoding = 4; lastKnownFileType = sourcecode.cpp.cpp; path = trie.cc; sourceTree = "<group>"; };
		9064C27C1809E5CF00A2721C /* words.cpp */ = {isa = PBXFileReference; fileEncoding = 4; lastKnownFileType = sourcecode.cpp.cpp; path = words.cpp; sourceTree = "<group>"; };
		9064C27D1809E5CF00A2721C /* camera_control.cpp */ = {isa = PBXFileReference; fileEncoding = 4; lastKnownFileType = sourcecode.cpp.cpp; path = camera_control.cpp; sourceTree = "<group>"; };
		9064C27E1809E5CF00A2721C /* camera_control.hpp */ = {isa = PBXFileReference; fileEncoding = 4; lastKnownFileType = sourcecode.cpp.h; path = camera_control.hpp; sourceTree = "<group>"; };
		9064C27F1809E5CF00A2721C /* input_event_handler.cpp */ = {isa = PBXFileReference; fileEncoding = 4; lastKnownFileType = sourcecode.cpp.cpp; path = input_event_handler.cpp; sourceTree = "<group>"; };
		9064C2801809E5CF00A2721C /* input_event_handler.hpp */ = {isa = PBXFileReference; fileEncoding = 4; lastKnownFileType = sourcecode.cpp.h; path = input_event_handler.hpp; sourceTree = "<group>"; };
		9064C2811809E5CF00A2721C /* renderable_node_repository.cpp */ = {isa = PBXFileReference; fileEncoding = 4; lastKnownFileType = sourcecode.cpp.cpp; path = renderable_node_repository.cpp; sourceTree = "<group>"; };
		9064C2821809E5CF00A2721C /* scene.hpp */ = {isa = PBXFileReference; fileEncoding = 4; lastKnownFileType = sourcecode.cpp.h; path = scene.hpp; sourceTree = "<group>"; };
		9064C2831809E5CF00A2721C /* statistics.cpp */ = {isa = PBXFileReference; fileEncoding = 4; lastKnownFileType = sourcecode.cpp.cpp; path = statistics.cpp; sourceTree = "<group>"; };
		9064C2841809E5CF00A2721C /* statistics.hpp */ = {isa = PBXFileReference; fileEncoding = 4; lastKnownFileType = sourcecode.cpp.h; path = statistics.hpp; sourceTree = "<group>"; };
		9064C2851809E5CF00A2721C /* words.h */ = {isa = PBXFileReference; fileEncoding = 4; lastKnownFileType = sourcecode.c.h; path = words.h; sourceTree = "<group>"; };
		9064C2861809E5CF00A2721C /* renderable_node_repository.hpp */ = {isa = PBXFileReference; fileEncoding = 4; lastKnownFileType = sourcecode.cpp.h; path = renderable_node_repository.hpp; sourceTree = "<group>"; };
		9064C2911809E6AD00A2721C /* scene_manager.cpp */ = {isa = PBXFileReference; fileEncoding = 4; lastKnownFileType = sourcecode.cpp.cpp; name = scene_manager.cpp; path = "src-win/scene_manager.cpp"; sourceTree = SOURCE_ROOT; };
		90BF0A9C16ED8952005ED530 /* iOSHandler.h */ = {isa = PBXFileReference; fileEncoding = 4; lastKnownFileType = sourcecode.c.h; path = iOSHandler.h; sourceTree = "<group>"; };
		90BF0A9D16ED8952005ED530 /* iOSHandler.mm */ = {isa = PBXFileReference; fileEncoding = 4; lastKnownFileType = sourcecode.cpp.objcpp; path = iOSHandler.mm; sourceTree = "<group>"; };
		90BF0AA016ED8C05005ED530 /* ios_bridge.h */ = {isa = PBXFileReference; fileEncoding = 4; lastKnownFileType = sourcecode.c.h; path = ios_bridge.h; sourceTree = "<group>"; };
		90BF0AA216ED94AB005ED530 /* board_file_loader.cpp */ = {isa = PBXFileReference; fileEncoding = 4; lastKnownFileType = sourcecode.cpp.cpp; path = board_file_loader.cpp; sourceTree = "<group>"; };
		90BF0AA616F00D3C005ED530 /* solver_worker.cpp */ = {isa = PBXFileReference; fileEncoding = 4; lastKnownFileType = sourcecode.cpp.cpp; path = solver_worker.cpp; sourceTree = "<group>"; };
/* End PBXFileReference section */

/* Begin PBXFrameworksBuildPhase section */
		42C932B91491A0DB0098216A /* Frameworks */ = {
			isa = PBXFrameworksBuildPhase;
			buildActionMask = 2147483647;
			files = (
				9064A5E617F91A1200A2721C /* libgameplay.a in Frameworks */,
				42049B6316ADBC30005DD1F9 /* libbullet.a in Frameworks */,
				42049B6516ADBC47005DD1F9 /* liblua.a in Frameworks */,
				42049B6F16ADBC7A005DD1F9 /* libpng.a in Frameworks */,
				42049B6A16ADBC63005DD1F9 /* libogg.a in Frameworks */,
				42049B6B16ADBC63005DD1F9 /* libvorbis.a in Frameworks */,
				42049B6C16ADBC63005DD1F9 /* libvorbisenc.a in Frameworks */,
				42049B6D16ADBC63005DD1F9 /* libvorbisfile.a in Frameworks */,
				42C9332F1491A78D0098216A /* libz.dylib in Frameworks */,
				424CC03C161FCBDD00577827 /* IOKit.framework in Frameworks */,
				42C932C11491A0DB0098216A /* Cocoa.framework in Frameworks */,
				42C9331D1491A6750098216A /* QuartzCore.framework in Frameworks */,
				42C933171491A5EB0098216A /* OpenGL.framework in Frameworks */,
				42C9331F1491A67F0098216A /* OpenAL.framework in Frameworks */,
			);
			runOnlyForDeploymentPostprocessing = 0;
		};
		5B61611714CCC24C0073B857 /* Frameworks */ = {
			isa = PBXFrameworksBuildPhase;
			buildActionMask = 2147483647;
			files = (
				9064A5E517F91A0100A2721C /* libgameplay.a in Frameworks */,
				900F97D217F9160200A26423 /* UIKit.framework in Frameworks */,
				900F97D017F915FB00A26423 /* QuartzCore.framework in Frameworks */,
				900F97CE17F915F300A26423 /* OpenGLES.framework in Frameworks */,
				900F97CC17F915EA00A26423 /* OpenAL.framework in Frameworks */,
				900F97CA17F915E100A26423 /* Foundation.framework in Frameworks */,
				900F97C817F915D800A26423 /* CoreMotion.framework in Frameworks */,
				900F97C417F915C900A26423 /* libz.dylib in Frameworks */,
				42049B6116ADBC0F005DD1F9 /* libbullet.a in Frameworks */,
				42049B7316ADBCAB005DD1F9 /* liblua.a in Frameworks */,
				42049B7116ADBC8B005DD1F9 /* libpng.a in Frameworks */,
				42049B7816ADBCC3005DD1F9 /* libogg.a in Frameworks */,
				42049B7916ADBCC3005DD1F9 /* libvorbis.a in Frameworks */,
				42049B7A16ADBCC3005DD1F9 /* libvorbisenc.a in Frameworks */,
				42049B7B16ADBCC3005DD1F9 /* libvorbisfile.a in Frameworks */,
			);
			runOnlyForDeploymentPostprocessing = 0;
		};
/* End PBXFrameworksBuildPhase section */

/* Begin PBXGroup section */
		42C932B11491A0DB0098216A = {
			isa = PBXGroup;
			children = (
				42C932F21491A53E0098216A /* res */,
				428F7BDD15CB131A009ED24C /* game.config */,
				5B61612E14CCC24D0073B857 /* words-ios.plist */,
				5B61611214CCC2200073B857 /* words-macosx.plist */,
				42C932ED1491A4CB0098216A /* icon.png */,
				42C932BF1491A0DB0098216A /* Frameworks */,
				42C932DD1491A1050098216A /* Libraries */,
				42C932BD1491A0DB0098216A /* Products */,
				42C932C61491A0DB0098216A /* src */,
				90BF0A9916ED8916005ED530 /* src-ios */,
			);
			sourceTree = "<group>";
		};
		42C932BD1491A0DB0098216A /* Products */ = {
			isa = PBXGroup;
			children = (
				42C932BC1491A0DB0098216A /* words-macosx.app */,
				5B61612C14CCC24C0073B857 /* words-ios.app */,
			);
			name = Products;
			sourceTree = "<group>";
		};
		42C932BF1491A0DB0098216A /* Frameworks */ = {
			isa = PBXGroup;
			children = (
				900F97D117F9160200A26423 /* UIKit.framework */,
				900F97CF17F915FB00A26423 /* QuartzCore.framework */,
				900F97CD17F915F300A26423 /* OpenGLES.framework */,
				900F97CB17F915EA00A26423 /* OpenAL.framework */,
				900F97C917F915E100A26423 /* Foundation.framework */,
				900F97C717F915D800A26423 /* CoreMotion.framework */,
				900F97C317F915C900A26423 /* libz.dylib */,
				5B61613A14CCC3590073B857 /* MacOSX */,
				5B61613914CCC3560073B857 /* iOS */,
			);
			name = Frameworks;
			sourceTree = "<group>";
		};
		42C932C61491A0DB0098216A /* src */ = {
			isa = PBXGroup;
			children = (
				9064C27C1809E5CF00A2721C /* words.cpp */,
				9064C27D1809E5CF00A2721C /* camera_control.cpp */,
				9064C27E1809E5CF00A2721C /* camera_control.hpp */,
				9064C27F1809E5CF00A2721C /* input_event_handler.cpp */,
				9064C2801809E5CF00A2721C /* input_event_handler.hpp */,
				9064C2811809E5CF00A2721C /* renderable_node_repository.cpp */,
				9064C2821809E5CF00A2721C /* scene.hpp */,
				9064C2831809E5CF00A2721C /* statistics.cpp */,
				9064C2841809E5CF00A2721C /* statistics.hpp */,
				9064C2851809E5CF00A2721C /* words.h */,
				9064C2861809E5CF00A2721C /* renderable_node_repository.hpp */,
				9064A8401809E4B800A2721C /* misc */,
				9064A83F1809E4A900A2721C /* menu */,
				9064A83E1809E4A400A2721C /* ext */,
				9064A83D1809E49E00A2721C /* game */,
				B8F0B66116E7B3A70024EF45 /* perf-solver */,
			);
			path = src;
			sourceTree = "<group>";
		};
		42C932DD1491A1050098216A /* Libraries */ = {
			isa = PBXGroup;
			children = (
				5BC4E825150F8CE600CBE1C0 /* GamePlay */,
				F1F49B8516AD8C22008715A2 /* MacOSX */,
				F1F49B8716AD8C30008715A2 /* iOS */,
			);
			name = Libraries;
			sourceTree = "<group>";
		};
		5B61613914CCC3560073B857 /* iOS */ = {
			isa = PBXGroup;
			children = (
			);
			name = iOS;
			sourceTree = "<group>";
		};
		5B61613A14CCC3590073B857 /* MacOSX */ = {
			isa = PBXGroup;
			children = (
				424CC03B161FCBDD00577827 /* IOKit.framework */,
				42C932C01491A0DB0098216A /* Cocoa.framework */,
				42C9331C1491A6750098216A /* QuartzCore.framework */,
				42C933161491A5EB0098216A /* OpenGL.framework */,
				42C9331E1491A67F0098216A /* OpenAL.framework */,
			);
			name = MacOSX;
			sourceTree = "<group>";
		};
		5BC4E825150F8CE600CBE1C0 /* GamePlay */ = {
			isa = PBXGroup;
			children = (
				5BC4E77F150F879E00CBE1C0 /* gameplay.xcodeproj */,
				5BC4E849150F911D00CBE1C0 /* shaders */,
			);
			name = GamePlay;
			sourceTree = "<group>";
		};
		9041D24A16C6BAD50098C475 /* Products */ = {
			isa = PBXGroup;
			children = (
				9041D24F16C6BAD50098C475 /* libgameplay.a */,
				9041D25116C6BAD50098C475 /* libgameplay.a */,
			);
			name = Products;
			sourceTree = "<group>";
		};
		9064A83D1809E49E00A2721C /* game */ = {
			isa = PBXGroup;
			children = (
				9064C2681809E59500A2721C /* game_scene.cpp */,
				9064C2691809E59500A2721C /* game_scene.hpp */,
				9064C26A1809E59500A2721C /* game_state_model.cpp */,
				9064C26B1809E59500A2721C /* game_state_model.hpp */,
				9064C2471809E57600A2721C /* views */,
				9064C2391809E55F00A2721C /* board */,
			);
			name = game;
			sourceTree = "<group>";
		};
		9064A83E1809E4A400A2721C /* ext */ = {
			isa = PBXGroup;
			children = (
				9064C2351809E55700A2721C /* scene_manager.hpp */,
				9064C2361809E55700A2721C /* board_file_loader.hpp */,
				9064C2371809E55700A2721C /* rest_handler.hpp */,
				9064C2381809E55700A2721C /* solver_worker.hpp */,
			);
			name = ext;
			sourceTree = "<group>";
		};
		9064A83F1809E4A900A2721C /* menu */ = {
			isa = PBXGroup;
			children = (
				9064C2311809E54B00A2721C /* menu.cpp */,
				9064C2321809E54B00A2721C /* menu.hpp */,
			);
			name = menu;
			sourceTree = "<group>";
		};
		9064A8401809E4B800A2721C /* misc */ = {
			isa = PBXGroup;
			children = (
				9064C22D1809E54200A2721C /* animation.cpp */,
				9064C22E1809E54200A2721C /* animation.hpp */,
			);
			name = misc;
			sourceTree = "<group>";
		};
		9064C2391809E55F00A2721C /* board */ = {
			isa = PBXGroup;
			children = (
				9064C23A1809E57100A2721C /* board_solver.cpp */,
				9064C23B1809E57100A2721C /* board_solver.hpp */,
				9064C23C1809E57100A2721C /* board_tile.hpp */,
				9064C23D1809E57100A2721C /* board.cpp */,
				9064C23E1809E57100A2721C /* board.hpp */,
				9064C23F1809E57200A2721C /* dice_manager.cpp */,
				9064C2401809E57200A2721C /* dice_manager.hpp */,
			);
			name = board;
			sourceTree = "<group>";
		};
		9064C2471809E57600A2721C /* views */ = {
			isa = PBXGroup;
			children = (
				9064C2481809E58600A2721C /* timer_controller.cpp */,
				9064C2491809E58600A2721C /* board_view.cpp */,
				9064C24A1809E58600A2721C /* board_view.hpp */,
				9064C24B1809E58600A2721C /* menu_icon.cpp */,
				9064C24C1809E58600A2721C /* menu_icon.hpp */,
				9064C24D1809E58600A2721C /* score_view.cpp */,
				9064C24E1809E58600A2721C /* score_view.hpp */,
				9064C24F1809E58600A2721C /* selected_text_connector.cpp */,
				9064C2501809E58600A2721C /* selected_text_connector.hpp */,
				9064C2511809E58600A2721C /* selected_text_label.cpp */,
				9064C2521809E58600A2721C /* selected_text_label.hpp */,
				9064C2531809E58600A2721C /* tile.cpp */,
				9064C2541809E58600A2721C /* tile.hpp */,
				9064C2551809E58600A2721C /* time_tank_view.cpp */,
				9064C2561809E58600A2721C /* time_tank_view.hpp */,
				9064C2571809E58600A2721C /* timer_controller.hpp */,
			);
			name = views;
			sourceTree = "<group>";
		};
		90BF0A9916ED8916005ED530 /* src-ios */ = {
			isa = PBXGroup;
			children = (
				9064C2911809E6AD00A2721C /* scene_manager.cpp */,
				90BF0A9C16ED8952005ED530 /* iOSHandler.h */,
				90BF0A9D16ED8952005ED530 /* iOSHandler.mm */,
				90BF0AA016ED8C05005ED530 /* ios_bridge.h */,
				90BF0AA216ED94AB005ED530 /* board_file_loader.cpp */,
				90BF0AA616F00D3C005ED530 /* solver_worker.cpp */,
				9064A5EA17F91FF500A2721C /* RestHandler.cpp */,
			);
			path = "src-ios";
			sourceTree = "<group>";
		};
		B8F0B66116E7B3A70024EF45 /* perf-solver */ = {
			isa = PBXGroup;
			children = (
				9064C2701809E5B700A2721C /* trie.h */,
				9064C2711809E5B700A2721C /* boggle_solver.cc */,
				9064C2721809E5B700A2721C /* boggle_solver.h */,
				9064C2731809E5B700A2721C /* boggler.cc */,
				9064C2741809E5B700A2721C /* boggler.h */,
				9064C2751809E5B700A2721C /* trie.cc */,
			);
			path = "perf-solver";
			sourceTree = "<group>";
		};
		F1F49B8516AD8C22008715A2 /* MacOSX */ = {
			isa = PBXGroup;
			children = (
				42049B6216ADBC30005DD1F9 /* libbullet.a */,
				42049B6416ADBC47005DD1F9 /* liblua.a */,
				42049B6616ADBC63005DD1F9 /* libogg.a */,
				42049B6716ADBC63005DD1F9 /* libvorbis.a */,
				42049B6816ADBC63005DD1F9 /* libvorbisenc.a */,
				42049B6916ADBC63005DD1F9 /* libvorbisfile.a */,
				42049B6E16ADBC7A005DD1F9 /* libpng.a */,
				42C9332D1491A7810098216A /* libz.dylib */,
			);
			name = MacOSX;
			sourceTree = "<group>";
		};
		F1F49B8716AD8C30008715A2 /* iOS */ = {
			isa = PBXGroup;
			children = (
				42049B6016ADBC0F005DD1F9 /* libbullet.a */,
				42049B7216ADBCAB005DD1F9 /* liblua.a */,
				42049B7016ADBC8B005DD1F9 /* libpng.a */,
				42049B7416ADBCC3005DD1F9 /* libogg.a */,
				42049B7516ADBCC3005DD1F9 /* libvorbis.a */,
				42049B7616ADBCC3005DD1F9 /* libvorbisenc.a */,
				42049B7716ADBCC3005DD1F9 /* libvorbisfile.a */,
			);
			name = iOS;
			sourceTree = "<group>";
		};
/* End PBXGroup section */

/* Begin PBXNativeTarget section */
		42C932BB1491A0DB0098216A /* words-macosx */ = {
			isa = PBXNativeTarget;
			buildConfigurationList = 42C932DA1491A0DB0098216A /* Build configuration list for PBXNativeTarget "words-macosx" */;
			buildPhases = (
				42C932B81491A0DB0098216A /* Sources */,
				42C932B91491A0DB0098216A /* Frameworks */,
				42C933301491A7B50098216A /* ShellScript */,
				42C932BA1491A0DB0098216A /* Resources */,
			);
			buildRules = (
			);
			dependencies = (
			);
			name = "words-macosx";
			productName = words;
			productReference = 42C932BC1491A0DB0098216A /* words-macosx.app */;
			productType = "com.apple.product-type.application";
		};
		5B61611414CCC24C0073B857 /* words-ios */ = {
			isa = PBXNativeTarget;
			buildConfigurationList = 5B61612914CCC24C0073B857 /* Build configuration list for PBXNativeTarget "words-ios" */;
			buildPhases = (
				5B61611514CCC24C0073B857 /* Sources */,
				5B61611714CCC24C0073B857 /* Frameworks */,
				5B61612414CCC24C0073B857 /* ShellScript */,
				5B61612514CCC24C0073B857 /* Resources */,
			);
			buildRules = (
			);
			dependencies = (
			);
			name = "words-ios";
			productName = words;
			productReference = 5B61612C14CCC24C0073B857 /* words-ios.app */;
			productType = "com.apple.product-type.application";
		};
/* End PBXNativeTarget section */

/* Begin PBXProject section */
		42C932B31491A0DB0098216A /* Project object */ = {
			isa = PBXProject;
			attributes = {
				LastUpgradeCheck = 0450;
			};
			buildConfigurationList = 42C932B61491A0DB0098216A /* Build configuration list for PBXProject "words" */;
			compatibilityVersion = "Xcode 3.2";
			developmentRegion = English;
			hasScannedForEncodings = 0;
			knownRegions = (
				en,
			);
			mainGroup = 42C932B11491A0DB0098216A;
			productRefGroup = 42C932BD1491A0DB0098216A /* Products */;
			projectDirPath = "";
			projectReferences = (
				{
					ProductGroup = 9041D24A16C6BAD50098C475 /* Products */;
					ProjectRef = 5BC4E77F150F879E00CBE1C0 /* gameplay.xcodeproj */;
				},
			);
			projectRoot = "";
			targets = (
				42C932BB1491A0DB0098216A /* words-macosx */,
				5B61611414CCC24C0073B857 /* words-ios */,
			);
		};
/* End PBXProject section */

/* Begin PBXReferenceProxy section */
		9041D24F16C6BAD50098C475 /* libgameplay.a */ = {
			isa = PBXReferenceProxy;
			fileType = archive.ar;
			path = libgameplay.a;
			remoteRef = 9041D24E16C6BAD50098C475 /* PBXContainerItemProxy */;
			sourceTree = BUILT_PRODUCTS_DIR;
		};
		9041D25116C6BAD50098C475 /* libgameplay.a */ = {
			isa = PBXReferenceProxy;
			fileType = archive.ar;
			path = libgameplay.a;
			remoteRef = 9041D25016C6BAD50098C475 /* PBXContainerItemProxy */;
			sourceTree = BUILT_PRODUCTS_DIR;
		};
/* End PBXReferenceProxy section */

/* Begin PBXResourcesBuildPhase section */
		42C932BA1491A0DB0098216A /* Resources */ = {
			isa = PBXResourcesBuildPhase;
			buildActionMask = 2147483647;
			files = (
				42C932EE1491A4CB0098216A /* icon.png in Resources */,
				428F7BDE15CB131A009ED24C /* game.config in Resources */,
				42C932F31491A53E0098216A /* res in Resources */,
			);
			runOnlyForDeploymentPostprocessing = 0;
		};
		5B61612514CCC24C0073B857 /* Resources */ = {
			isa = PBXResourcesBuildPhase;
			buildActionMask = 2147483647;
			files = (
				5B61612614CCC24C0073B857 /* icon.png in Resources */,
				5B61612714CCC24C0073B857 /* res in Resources */,
			);
			runOnlyForDeploymentPostprocessing = 0;
		};
/* End PBXResourcesBuildPhase section */

/* Begin PBXShellScriptBuildPhase section */
		42C933301491A7B50098216A /* ShellScript */ = {
			isa = PBXShellScriptBuildPhase;
			buildActionMask = 2147483647;
			files = (
			);
			inputPaths = (
			);
			outputPaths = (
			);
			runOnlyForDeploymentPostprocessing = 0;
			shellPath = /bin/sh;
			shellScript = "cp -rf ../gameplay-1.6/gameplay/res/shaders ${SRCROOT}/res\ncp -rf ../gameplay-1.6/gameplay/res/logo_powered_white.png ${SRCROOT}/res\ntouch -cm ${SRCROOT}/res";
		};
		5B61612414CCC24C0073B857 /* ShellScript */ = {
			isa = PBXShellScriptBuildPhase;
			buildActionMask = 2147483647;
			files = (
			);
			inputPaths = (
			);
			outputPaths = (
			);
			runOnlyForDeploymentPostprocessing = 0;
			shellPath = /bin/sh;
			shellScript = "cp -rf ../gameplay-1.6/gameplay/res/shaders ${SRCROOT}/res\ncp -rf ../gameplay-1.6/gameplay/res/logo_powered_white.png ${SRCROOT}/res\ntouch -cm ${SRCROOT}/res";
		};
/* End PBXShellScriptBuildPhase section */

/* Begin PBXSourcesBuildPhase section */
		42C932B81491A0DB0098216A /* Sources */ = {
			isa = PBXSourcesBuildPhase;
			buildActionMask = 2147483647;
			files = (
				9064A5EC17F91FF500A2721C /* RestHandler.cpp in Sources */,
				9064C25A1809E58600A2721C /* board_view.cpp in Sources */,
				9064C2411809E57200A2721C /* board_solver.cpp in Sources */,
				9064C2331809E54B00A2721C /* menu.cpp in Sources */,
				9064C2891809E5CF00A2721C /* camera_control.cpp in Sources */,
				9064C25E1809E58600A2721C /* score_view.cpp in Sources */,
				9064C2431809E57200A2721C /* board.cpp in Sources */,
				9064C25C1809E58600A2721C /* menu_icon.cpp in Sources */,
				9064C28F1809E5CF00A2721C /* statistics.cpp in Sources */,
				90BF0A9E16ED8952005ED530 /* iOSHandler.mm in Sources */,
				9064C2451809E57200A2721C /* dice_manager.cpp in Sources */,
				9064C26C1809E59500A2721C /* game_scene.cpp in Sources */,
				9064C26E1809E59500A2721C /* game_state_model.cpp in Sources */,
				9064C27A1809E5B700A2721C /* trie.cc in Sources */,
				9064C28B1809E5CF00A2721C /* input_event_handler.cpp in Sources */,
				9064C2621809E58600A2721C /* selected_text_label.cpp in Sources */,
				9064C2641809E58600A2721C /* tile.cpp in Sources */,
				90BF0AA416ED94AB005ED530 /* board_file_loader.cpp in Sources */,
				9064C22F1809E54200A2721C /* animation.cpp in Sources */,
				9064C2601809E58600A2721C /* selected_text_connector.cpp in Sources */,
				9064C2661809E58600A2721C /* time_tank_view.cpp in Sources */,
				90BF0AA816F00D3C005ED530 /* solver_worker.cpp in Sources */,
				9064C2921809E6AD00A2721C /* scene_manager.cpp in Sources */,
				9064C2761809E5B700A2721C /* boggle_solver.cc in Sources */,
				9064C2581809E58600A2721C /* timer_controller.cpp in Sources */,
				9064C28D1809E5CF00A2721C /* renderable_node_repository.cpp in Sources */,
				9064C2781809E5B700A2721C /* boggler.cc in Sources */,
				9064C2871809E5CF00A2721C /* words.cpp in Sources */,
			);
			runOnlyForDeploymentPostprocessing = 0;
		};
		5B61611514CCC24C0073B857 /* Sources */ = {
			isa = PBXSourcesBuildPhase;
			buildActionMask = 2147483647;
			files = (
				9064C2301809E54200A2721C /* animation.cpp in Sources */,
				9064C2341809E54B00A2721C /* menu.cpp in Sources */,
				9064C2441809E57200A2721C /* board.cpp in Sources */,
				9064C25D1809E58600A2721C /* menu_icon.cpp in Sources */,
				9064C28A1809E5CF00A2721C /* camera_control.cpp in Sources */,
				9064C26D1809E59500A2721C /* game_scene.cpp in Sources */,
				9064C2611809E58600A2721C /* selected_text_connector.cpp in Sources */,
				9064A5ED17F91FF500A2721C /* RestHandler.cpp in Sources */,
				9064C2901809E5CF00A2721C /* statistics.cpp in Sources */,
				9064C2651809E58600A2721C /* tile.cpp in Sources */,
				9064C2631809E58600A2721C /* selected_text_label.cpp in Sources */,
				9064C26F1809E59500A2721C /* game_state_model.cpp in Sources */,
				9064C2591809E58600A2721C /* timer_controller.cpp in Sources */,
				9064C27B1809E5B700A2721C /* trie.cc in Sources */,
				9064C28C1809E5CF00A2721C /* input_event_handler.cpp in Sources */,
				9064C25B1809E58600A2721C /* board_view.cpp in Sources */,
				90BF0A9F16ED8952005ED530 /* iOSHandler.mm in Sources */,
				9064C25F1809E58600A2721C /* score_view.cpp in Sources */,
				90BF0AA516ED94AB005ED530 /* board_file_loader.cpp in Sources */,
				90BF0AA916F00D3C005ED530 /* solver_worker.cpp in Sources */,
				9064C2421809E57200A2721C /* board_solver.cpp in Sources */,
				9064C2671809E58600A2721C /* time_tank_view.cpp in Sources */,
				9064C2931809E6AD00A2721C /* scene_manager.cpp in Sources */,
				9064C2771809E5B700A2721C /* boggle_solver.cc in Sources */,
				9064C2461809E57200A2721C /* dice_manager.cpp in Sources */,
				9064C28E1809E5CF00A2721C /* renderable_node_repository.cpp in Sources */,
				9064C2791809E5B700A2721C /* boggler.cc in Sources */,
				9064C2881809E5CF00A2721C /* words.cpp in Sources */,
			);
			runOnlyForDeploymentPostprocessing = 0;
		};
/* End PBXSourcesBuildPhase section */

/* Begin XCBuildConfiguration section */
		42C932D81491A0DB0098216A /* Debug */ = {
			isa = XCBuildConfiguration;
			buildSettings = {
				ALWAYS_SEARCH_USER_PATHS = NO;
				ARCHS = "$(ARCHS_STANDARD_32_BIT)";
				COPY_PHASE_STRIP = NO;
				GCC_C_LANGUAGE_STANDARD = gnu99;
				GCC_DYNAMIC_NO_PIC = NO;
				GCC_ENABLE_OBJC_EXCEPTIONS = YES;
				GCC_OPTIMIZATION_LEVEL = 0;
				GCC_PREPROCESSOR_DEFINITIONS = (
					"DEBUG=1",
					"$(inherited)",
				);
				GCC_SYMBOLS_PRIVATE_EXTERN = NO;
				GCC_VERSION = com.apple.compilers.llvm.clang.1_0;
				GCC_WARN_64_TO_32_BIT_CONVERSION = YES;
				GCC_WARN_ABOUT_MISSING_PROTOTYPES = YES;
				GCC_WARN_ABOUT_RETURN_TYPE = YES;
				GCC_WARN_UNUSED_VARIABLE = YES;
				GENERATE_PKGINFO_FILE = YES;
				INFOPLIST_FILE = "words-macosx.plist";
				MACOSX_DEPLOYMENT_TARGET = 10.7;
				ONLY_ACTIVE_ARCH = YES;
				PRODUCT_NAME = "$(TARGET_NAME)";
				SDKROOT = macosx;
				VALID_ARCHS = "armv7 armv7s i386 x86_64";
			};
			name = Debug;
		};
		42C932D91491A0DB0098216A /* Release */ = {
			isa = XCBuildConfiguration;
			buildSettings = {
				ALWAYS_SEARCH_USER_PATHS = NO;
				ARCHS = "$(ARCHS_STANDARD_32_BIT)";
				COPY_PHASE_STRIP = YES;
				DEBUG_INFORMATION_FORMAT = "dwarf-with-dsym";
				GCC_C_LANGUAGE_STANDARD = gnu99;
				GCC_ENABLE_OBJC_EXCEPTIONS = YES;
				GCC_VERSION = com.apple.compilers.llvm.clang.1_0;
				GCC_WARN_64_TO_32_BIT_CONVERSION = YES;
				GCC_WARN_ABOUT_MISSING_PROTOTYPES = YES;
				GCC_WARN_ABOUT_RETURN_TYPE = YES;
				GCC_WARN_UNUSED_VARIABLE = YES;
				GENERATE_PKGINFO_FILE = YES;
				INFOPLIST_FILE = "words-macosx.plist";
				MACOSX_DEPLOYMENT_TARGET = 10.7;
				PRODUCT_NAME = "$(TARGET_NAME)";
				SDKROOT = macosx;
				VALID_ARCHS = "armv7 armv7s i386 x86_64";
			};
			name = Release;
		};
		42C932DB1491A0DB0098216A /* Debug */ = {
			isa = XCBuildConfiguration;
			buildSettings = {
				ARCHS = armv7;
				COMBINE_HIDPI_IMAGES = YES;
				GCC_PRECOMPILE_PREFIX_HEADER = NO;
				GCC_WARN_64_TO_32_BIT_CONVERSION = NO;
				GCC_WARN_UNUSED_VARIABLE = NO;
				HEADER_SEARCH_PATHS = (
					"../gameplay-1.6/gameplay/src",
					"../gameplay-1.6/external-deps/bullet/include",
					"../gameplay-1.6/external-deps/lua/include",
					"../gameplay-1.6/external-deps/libpng/include",
					"../gameplay-1.6/external-deps/oggvorbis/include",
				);
				INFOPLIST_FILE = "words-macosx.plist";
				LIBRARY_SEARCH_PATHS = (
					"$(inherited)",
					"../gameplay-1.6/external-deps/bullet/lib/macosx",
					"../gameplay-1.6/external-deps/lua/lib/macosx",
					"../gameplay-1.6/external-deps/libpng/lib/macosx",
					"../gameplay-1.6/external-deps/oggvorbis/lib/macosx",
					"~/Library/Developer/Xcode/DerivedData/gameplay-exiunaubxxjndaapmcqkaoeboiob/Build/Products/Debug",
					"/Users/MarkUdit/code/flyingmonkey/gameplay-words/gameplay-1.6/external-deps/bullet/lib/android/arm",
					"/Users/MarkUdit/code/flyingmonkey/gameplay-words/gameplay-1.6/external-deps/bullet/lib/blackberry/arm",
					"/Users/MarkUdit/code/flyingmonkey/gameplay-words/gameplay-1.6/external-deps/bullet/lib/blackberry/x86",
					"/Users/MarkUdit/code/flyingmonkey/gameplay-words/gameplay-1.6/external-deps/bullet/lib/ios/armv7",
					"/Users/MarkUdit/code/flyingmonkey/gameplay-words/gameplay-1.6/external-deps/bullet/lib/ios/armv7s",
					"/Users/MarkUdit/code/flyingmonkey/gameplay-words/gameplay-1.6/external-deps/bullet/lib/ios/i386",
					"/Users/MarkUdit/code/flyingmonkey/gameplay-words/gameplay-1.6/external-deps/bullet/lib/linux/x64",
					"/Users/MarkUdit/code/flyingmonkey/gameplay-words/gameplay-1.6/external-deps/bullet/lib/linux/x86",
					"/Users/MarkUdit/code/flyingmonkey/gameplay-words/gameplay-1.6/external-deps/bullet/lib/macosx",
					"/Users/MarkUdit/code/flyingmonkey/gameplay-words/gameplay-1.6/external-deps/bullet/lib/windows/x64",
					"/Users/MarkUdit/code/flyingmonkey/gameplay-words/gameplay-1.6/external-deps/bullet/lib/windows/x86",
					"/Users/MarkUdit/code/flyingmonkey/gameplay-words/gameplay-1.6/external-deps/collada-dom/lib/linux/x64",
					"/Users/MarkUdit/code/flyingmonkey/gameplay-words/gameplay-1.6/external-deps/collada-dom/lib/linux/x86",
					"/Users/MarkUdit/code/flyingmonkey/gameplay-words/gameplay-1.6/external-deps/collada-dom/lib/macosx",
					"/Users/MarkUdit/code/flyingmonkey/gameplay-words/gameplay-1.6/external-deps/collada-dom/lib/windows/x86",
					"/Users/MarkUdit/code/flyingmonkey/gameplay-words/gameplay-1.6/external-deps/detour/lib/android/arm",
					"/Users/MarkUdit/code/flyingmonkey/gameplay-words/gameplay-1.6/external-deps/detour/lib/blackberry/arm",
					"/Users/MarkUdit/code/flyingmonkey/gameplay-words/gameplay-1.6/external-deps/detour/lib/blackberry/x86",
					"/Users/MarkUdit/code/flyingmonkey/gameplay-words/gameplay-1.6/external-deps/detour/lib/windows/x86",
					"/Users/MarkUdit/code/flyingmonkey/gameplay-words/gameplay-1.6/external-deps/detourcrowd/lib/android/arm",
					"/Users/MarkUdit/code/flyingmonkey/gameplay-words/gameplay-1.6/external-deps/detourcrowd/lib/blackberry/arm",
					"/Users/MarkUdit/code/flyingmonkey/gameplay-words/gameplay-1.6/external-deps/detourcrowd/lib/blackberry/x86",
					"/Users/MarkUdit/code/flyingmonkey/gameplay-words/gameplay-1.6/external-deps/detourcrowd/lib/windows/x86",
					"/Users/MarkUdit/code/flyingmonkey/gameplay-words/gameplay-1.6/external-deps/freetype2/lib/linux/x64",
					"/Users/MarkUdit/code/flyingmonkey/gameplay-words/gameplay-1.6/external-deps/freetype2/lib/linux/x86",
					"/Users/MarkUdit/code/flyingmonkey/gameplay-words/gameplay-1.6/external-deps/freetype2/lib/macosx",
					"/Users/MarkUdit/code/flyingmonkey/gameplay-words/gameplay-1.6/external-deps/freetype2/lib/windows/x86",
					"/Users/MarkUdit/code/flyingmonkey/gameplay-words/gameplay-1.6/external-deps/glew/lib/linux/x64",
					"/Users/MarkUdit/code/flyingmonkey/gameplay-words/gameplay-1.6/external-deps/glew/lib/linux/x86",
					"/Users/MarkUdit/code/flyingmonkey/gameplay-words/gameplay-1.6/external-deps/glew/lib/windows/x64",
					"/Users/MarkUdit/code/flyingmonkey/gameplay-words/gameplay-1.6/external-deps/glew/lib/windows/x86",
					"/Users/MarkUdit/code/flyingmonkey/gameplay-words/gameplay-1.6/external-deps/libpng/lib/android/arm",
					"/Users/MarkUdit/code/flyingmonkey/gameplay-words/gameplay-1.6/external-deps/libpng/lib/ios/armv7",
					"/Users/MarkUdit/code/flyingmonkey/gameplay-words/gameplay-1.6/external-deps/libpng/lib/ios/armv7s",
					"/Users/MarkUdit/code/flyingmonkey/gameplay-words/gameplay-1.6/external-deps/libpng/lib/ios/i386",
					"/Users/MarkUdit/code/flyingmonkey/gameplay-words/gameplay-1.6/external-deps/libpng/lib/linux/x64",
					"/Users/MarkUdit/code/flyingmonkey/gameplay-words/gameplay-1.6/external-deps/libpng/lib/linux/x86",
					"/Users/MarkUdit/code/flyingmonkey/gameplay-words/gameplay-1.6/external-deps/libpng/lib/macosx",
					"/Users/MarkUdit/code/flyingmonkey/gameplay-words/gameplay-1.6/external-deps/libpng/lib/windows/x64",
					"/Users/MarkUdit/code/flyingmonkey/gameplay-words/gameplay-1.6/external-deps/libpng/lib/windows/x86",
					"/Users/MarkUdit/code/flyingmonkey/gameplay-words/gameplay-1.6/external-deps/lua/lib/android/arm",
					"/Users/MarkUdit/code/flyingmonkey/gameplay-words/gameplay-1.6/external-deps/lua/lib/blackberry/arm",
					"/Users/MarkUdit/code/flyingmonkey/gameplay-words/gameplay-1.6/external-deps/lua/lib/blackberry/x86",
					"/Users/MarkUdit/code/flyingmonkey/gameplay-words/gameplay-1.6/external-deps/lua/lib/ios/armv7",
					"/Users/MarkUdit/code/flyingmonkey/gameplay-words/gameplay-1.6/external-deps/lua/lib/ios/armv7s",
					"/Users/MarkUdit/code/flyingmonkey/gameplay-words/gameplay-1.6/external-deps/lua/lib/ios/i386",
					"/Users/MarkUdit/code/flyingmonkey/gameplay-words/gameplay-1.6/external-deps/lua/lib/linux/x64",
					"/Users/MarkUdit/code/flyingmonkey/gameplay-words/gameplay-1.6/external-deps/lua/lib/linux/x86",
					"/Users/MarkUdit/code/flyingmonkey/gameplay-words/gameplay-1.6/external-deps/lua/lib/macosx",
					"/Users/MarkUdit/code/flyingmonkey/gameplay-words/gameplay-1.6/external-deps/lua/lib/windows/x64",
					"/Users/MarkUdit/code/flyingmonkey/gameplay-words/gameplay-1.6/external-deps/lua/lib/windows/x86",
					"/Users/MarkUdit/code/flyingmonkey/gameplay-words/gameplay-1.6/external-deps/oggvorbis/lib/android/arm",
					"/Users/MarkUdit/code/flyingmonkey/gameplay-words/gameplay-1.6/external-deps/oggvorbis/lib/blackberry/arm",
					"/Users/MarkUdit/code/flyingmonkey/gameplay-words/gameplay-1.6/external-deps/oggvorbis/lib/blackberry/x86",
					"/Users/MarkUdit/code/flyingmonkey/gameplay-words/gameplay-1.6/external-deps/oggvorbis/lib/ios/armv7",
					"/Users/MarkUdit/code/flyingmonkey/gameplay-words/gameplay-1.6/external-deps/oggvorbis/lib/ios/armv7s",
					"/Users/MarkUdit/code/flyingmonkey/gameplay-words/gameplay-1.6/external-deps/oggvorbis/lib/ios/i386",
					"/Users/MarkUdit/code/flyingmonkey/gameplay-words/gameplay-1.6/external-deps/oggvorbis/lib/linux/x64",
					"/Users/MarkUdit/code/flyingmonkey/gameplay-words/gameplay-1.6/external-deps/oggvorbis/lib/linux/x86",
					"/Users/MarkUdit/code/flyingmonkey/gameplay-words/gameplay-1.6/external-deps/oggvorbis/lib/macosx",
					"/Users/MarkUdit/code/flyingmonkey/gameplay-words/gameplay-1.6/external-deps/oggvorbis/lib/windows/x64",
					"/Users/MarkUdit/code/flyingmonkey/gameplay-words/gameplay-1.6/external-deps/oggvorbis/lib/windows/x86",
					"/Users/MarkUdit/code/flyingmonkey/gameplay-words/gameplay-1.6/external-deps/openal/lib/android/arm",
					"/Users/MarkUdit/code/flyingmonkey/gameplay-words/gameplay-1.6/external-deps/openal/lib/linux/x64",
					"/Users/MarkUdit/code/flyingmonkey/gameplay-words/gameplay-1.6/external-deps/openal/lib/linux/x86",
					"/Users/MarkUdit/code/flyingmonkey/gameplay-words/gameplay-1.6/external-deps/openal/lib/windows/x64",
					"/Users/MarkUdit/code/flyingmonkey/gameplay-words/gameplay-1.6/external-deps/openal/lib/windows/x86",
					"/Users/MarkUdit/code/flyingmonkey/gameplay-words/gameplay-1.6/external-deps/pcre/lib/macosx",
					"/Users/MarkUdit/code/flyingmonkey/gameplay-words/gameplay-1.6/external-deps/recast/lib/android/arm",
					"/Users/MarkUdit/code/flyingmonkey/gameplay-words/gameplay-1.6/external-deps/recast/lib/blackberry/arm",
					"/Users/MarkUdit/code/flyingmonkey/gameplay-words/gameplay-1.6/external-deps/recast/lib/blackberry/x86",
					"/Users/MarkUdit/code/flyingmonkey/gameplay-words/gameplay-1.6/external-deps/recast/lib/windows/x86",
					"/Users/MarkUdit/code/flyingmonkey/gameplay-words/gameplay-1.6/external-deps/tinyxml2/lib/linux",
					"/Users/MarkUdit/code/flyingmonkey/gameplay-words/gameplay-1.6/external-deps/tinyxml2/lib/macosx",
					"/Users/MarkUdit/code/flyingmonkey/gameplay-words/gameplay-1.6/external-deps/tinyxml2/lib/windows/x86",
					"/Users/MarkUdit/code/flyingmonkey/gameplay-words/gameplay-1.6/external-deps/zlib/lib/android/arm",
					"/Users/MarkUdit/code/flyingmonkey/gameplay-words/gameplay-1.6/external-deps/zlib/lib/linux/x64",
					"/Users/MarkUdit/code/flyingmonkey/gameplay-words/gameplay-1.6/external-deps/zlib/lib/linux/x86",
					"/Users/MarkUdit/code/flyingmonkey/gameplay-words/gameplay-1.6/external-deps/zlib/lib/windows/x64",
					"/Users/MarkUdit/code/flyingmonkey/gameplay-words/gameplay-1.6/external-deps/zlib/lib/windows/x86",
					"/Users/MarkUdit/code/flyingmonkey/gameplay-words/win-dependencies/lib",
				);
				PRODUCT_NAME = "$(TARGET_NAME)";
				USER_HEADER_SEARCH_PATHS = "";
				VALID_ARCHS = "i386 x86_64";
				WRAPPER_EXTENSION = app;
			};
			name = Debug;
		};
		42C932DC1491A0DB0098216A /* Release */ = {
			isa = XCBuildConfiguration;
			buildSettings = {
				ARCHS = armv7;
				COMBINE_HIDPI_IMAGES = YES;
				GCC_PRECOMPILE_PREFIX_HEADER = NO;
				GCC_WARN_64_TO_32_BIT_CONVERSION = NO;
				GCC_WARN_UNUSED_VARIABLE = NO;
				HEADER_SEARCH_PATHS = (
					"../gameplay-1.6/gameplay/src",
					"../gameplay-1.6/external-deps/bullet/include",
					"../gameplay-1.6/external-deps/lua/include",
					"../gameplay-1.6/external-deps/libpng/include",
					"../gameplay-1.6/external-deps/oggvorbis/include",
				);
				INFOPLIST_FILE = "words-macosx.plist";
				LIBRARY_SEARCH_PATHS = (
					"$(inherited)",
					"../gameplay-1.6/external-deps/bullet/lib/macosx",
					"../gameplay-1.6/external-deps/lua/lib/macosx",
					"../gameplay-1.6/external-deps/libpng/lib/macosx",
					"../gameplay-1.6/external-deps/oggvorbis/lib/macosx",
					"~/Library/Developer/Xcode/DerivedData/gameplay-exiunaubxxjndaapmcqkaoeboiob/Build/Products/Debug",
					"/Users/MarkUdit/code/flyingmonkey/gameplay-words/gameplay-1.6/external-deps/bullet/lib/android/arm",
					"/Users/MarkUdit/code/flyingmonkey/gameplay-words/gameplay-1.6/external-deps/bullet/lib/blackberry/arm",
					"/Users/MarkUdit/code/flyingmonkey/gameplay-words/gameplay-1.6/external-deps/bullet/lib/blackberry/x86",
					"/Users/MarkUdit/code/flyingmonkey/gameplay-words/gameplay-1.6/external-deps/bullet/lib/ios/armv7",
					"/Users/MarkUdit/code/flyingmonkey/gameplay-words/gameplay-1.6/external-deps/bullet/lib/ios/armv7s",
					"/Users/MarkUdit/code/flyingmonkey/gameplay-words/gameplay-1.6/external-deps/bullet/lib/ios/i386",
					"/Users/MarkUdit/code/flyingmonkey/gameplay-words/gameplay-1.6/external-deps/bullet/lib/linux/x64",
					"/Users/MarkUdit/code/flyingmonkey/gameplay-words/gameplay-1.6/external-deps/bullet/lib/linux/x86",
					"/Users/MarkUdit/code/flyingmonkey/gameplay-words/gameplay-1.6/external-deps/bullet/lib/macosx",
					"/Users/MarkUdit/code/flyingmonkey/gameplay-words/gameplay-1.6/external-deps/bullet/lib/windows/x64",
					"/Users/MarkUdit/code/flyingmonkey/gameplay-words/gameplay-1.6/external-deps/bullet/lib/windows/x86",
					"/Users/MarkUdit/code/flyingmonkey/gameplay-words/gameplay-1.6/external-deps/collada-dom/lib/linux/x64",
					"/Users/MarkUdit/code/flyingmonkey/gameplay-words/gameplay-1.6/external-deps/collada-dom/lib/linux/x86",
					"/Users/MarkUdit/code/flyingmonkey/gameplay-words/gameplay-1.6/external-deps/collada-dom/lib/macosx",
					"/Users/MarkUdit/code/flyingmonkey/gameplay-words/gameplay-1.6/external-deps/collada-dom/lib/windows/x86",
					"/Users/MarkUdit/code/flyingmonkey/gameplay-words/gameplay-1.6/external-deps/detour/lib/android/arm",
					"/Users/MarkUdit/code/flyingmonkey/gameplay-words/gameplay-1.6/external-deps/detour/lib/blackberry/arm",
					"/Users/MarkUdit/code/flyingmonkey/gameplay-words/gameplay-1.6/external-deps/detour/lib/blackberry/x86",
					"/Users/MarkUdit/code/flyingmonkey/gameplay-words/gameplay-1.6/external-deps/detour/lib/windows/x86",
					"/Users/MarkUdit/code/flyingmonkey/gameplay-words/gameplay-1.6/external-deps/detourcrowd/lib/android/arm",
					"/Users/MarkUdit/code/flyingmonkey/gameplay-words/gameplay-1.6/external-deps/detourcrowd/lib/blackberry/arm",
					"/Users/MarkUdit/code/flyingmonkey/gameplay-words/gameplay-1.6/external-deps/detourcrowd/lib/blackberry/x86",
					"/Users/MarkUdit/code/flyingmonkey/gameplay-words/gameplay-1.6/external-deps/detourcrowd/lib/windows/x86",
					"/Users/MarkUdit/code/flyingmonkey/gameplay-words/gameplay-1.6/external-deps/freetype2/lib/linux/x64",
					"/Users/MarkUdit/code/flyingmonkey/gameplay-words/gameplay-1.6/external-deps/freetype2/lib/linux/x86",
					"/Users/MarkUdit/code/flyingmonkey/gameplay-words/gameplay-1.6/external-deps/freetype2/lib/macosx",
					"/Users/MarkUdit/code/flyingmonkey/gameplay-words/gameplay-1.6/external-deps/freetype2/lib/windows/x86",
					"/Users/MarkUdit/code/flyingmonkey/gameplay-words/gameplay-1.6/external-deps/glew/lib/linux/x64",
					"/Users/MarkUdit/code/flyingmonkey/gameplay-words/gameplay-1.6/external-deps/glew/lib/linux/x86",
					"/Users/MarkUdit/code/flyingmonkey/gameplay-words/gameplay-1.6/external-deps/glew/lib/windows/x64",
					"/Users/MarkUdit/code/flyingmonkey/gameplay-words/gameplay-1.6/external-deps/glew/lib/windows/x86",
					"/Users/MarkUdit/code/flyingmonkey/gameplay-words/gameplay-1.6/external-deps/libpng/lib/android/arm",
					"/Users/MarkUdit/code/flyingmonkey/gameplay-words/gameplay-1.6/external-deps/libpng/lib/ios/armv7",
					"/Users/MarkUdit/code/flyingmonkey/gameplay-words/gameplay-1.6/external-deps/libpng/lib/ios/armv7s",
					"/Users/MarkUdit/code/flyingmonkey/gameplay-words/gameplay-1.6/external-deps/libpng/lib/ios/i386",
					"/Users/MarkUdit/code/flyingmonkey/gameplay-words/gameplay-1.6/external-deps/libpng/lib/linux/x64",
					"/Users/MarkUdit/code/flyingmonkey/gameplay-words/gameplay-1.6/external-deps/libpng/lib/linux/x86",
					"/Users/MarkUdit/code/flyingmonkey/gameplay-words/gameplay-1.6/external-deps/libpng/lib/macosx",
					"/Users/MarkUdit/code/flyingmonkey/gameplay-words/gameplay-1.6/external-deps/libpng/lib/windows/x64",
					"/Users/MarkUdit/code/flyingmonkey/gameplay-words/gameplay-1.6/external-deps/libpng/lib/windows/x86",
					"/Users/MarkUdit/code/flyingmonkey/gameplay-words/gameplay-1.6/external-deps/lua/lib/android/arm",
					"/Users/MarkUdit/code/flyingmonkey/gameplay-words/gameplay-1.6/external-deps/lua/lib/blackberry/arm",
					"/Users/MarkUdit/code/flyingmonkey/gameplay-words/gameplay-1.6/external-deps/lua/lib/blackberry/x86",
					"/Users/MarkUdit/code/flyingmonkey/gameplay-words/gameplay-1.6/external-deps/lua/lib/ios/armv7",
					"/Users/MarkUdit/code/flyingmonkey/gameplay-words/gameplay-1.6/external-deps/lua/lib/ios/armv7s",
					"/Users/MarkUdit/code/flyingmonkey/gameplay-words/gameplay-1.6/external-deps/lua/lib/ios/i386",
					"/Users/MarkUdit/code/flyingmonkey/gameplay-words/gameplay-1.6/external-deps/lua/lib/linux/x64",
					"/Users/MarkUdit/code/flyingmonkey/gameplay-words/gameplay-1.6/external-deps/lua/lib/linux/x86",
					"/Users/MarkUdit/code/flyingmonkey/gameplay-words/gameplay-1.6/external-deps/lua/lib/macosx",
					"/Users/MarkUdit/code/flyingmonkey/gameplay-words/gameplay-1.6/external-deps/lua/lib/windows/x64",
					"/Users/MarkUdit/code/flyingmonkey/gameplay-words/gameplay-1.6/external-deps/lua/lib/windows/x86",
					"/Users/MarkUdit/code/flyingmonkey/gameplay-words/gameplay-1.6/external-deps/oggvorbis/lib/android/arm",
					"/Users/MarkUdit/code/flyingmonkey/gameplay-words/gameplay-1.6/external-deps/oggvorbis/lib/blackberry/arm",
					"/Users/MarkUdit/code/flyingmonkey/gameplay-words/gameplay-1.6/external-deps/oggvorbis/lib/blackberry/x86",
					"/Users/MarkUdit/code/flyingmonkey/gameplay-words/gameplay-1.6/external-deps/oggvorbis/lib/ios/armv7",
					"/Users/MarkUdit/code/flyingmonkey/gameplay-words/gameplay-1.6/external-deps/oggvorbis/lib/ios/armv7s",
					"/Users/MarkUdit/code/flyingmonkey/gameplay-words/gameplay-1.6/external-deps/oggvorbis/lib/ios/i386",
					"/Users/MarkUdit/code/flyingmonkey/gameplay-words/gameplay-1.6/external-deps/oggvorbis/lib/linux/x64",
					"/Users/MarkUdit/code/flyingmonkey/gameplay-words/gameplay-1.6/external-deps/oggvorbis/lib/linux/x86",
					"/Users/MarkUdit/code/flyingmonkey/gameplay-words/gameplay-1.6/external-deps/oggvorbis/lib/macosx",
					"/Users/MarkUdit/code/flyingmonkey/gameplay-words/gameplay-1.6/external-deps/oggvorbis/lib/windows/x64",
					"/Users/MarkUdit/code/flyingmonkey/gameplay-words/gameplay-1.6/external-deps/oggvorbis/lib/windows/x86",
					"/Users/MarkUdit/code/flyingmonkey/gameplay-words/gameplay-1.6/external-deps/openal/lib/android/arm",
					"/Users/MarkUdit/code/flyingmonkey/gameplay-words/gameplay-1.6/external-deps/openal/lib/linux/x64",
					"/Users/MarkUdit/code/flyingmonkey/gameplay-words/gameplay-1.6/external-deps/openal/lib/linux/x86",
					"/Users/MarkUdit/code/flyingmonkey/gameplay-words/gameplay-1.6/external-deps/openal/lib/windows/x64",
					"/Users/MarkUdit/code/flyingmonkey/gameplay-words/gameplay-1.6/external-deps/openal/lib/windows/x86",
					"/Users/MarkUdit/code/flyingmonkey/gameplay-words/gameplay-1.6/external-deps/pcre/lib/macosx",
					"/Users/MarkUdit/code/flyingmonkey/gameplay-words/gameplay-1.6/external-deps/recast/lib/android/arm",
					"/Users/MarkUdit/code/flyingmonkey/gameplay-words/gameplay-1.6/external-deps/recast/lib/blackberry/arm",
					"/Users/MarkUdit/code/flyingmonkey/gameplay-words/gameplay-1.6/external-deps/recast/lib/blackberry/x86",
					"/Users/MarkUdit/code/flyingmonkey/gameplay-words/gameplay-1.6/external-deps/recast/lib/windows/x86",
					"/Users/MarkUdit/code/flyingmonkey/gameplay-words/gameplay-1.6/external-deps/tinyxml2/lib/linux",
					"/Users/MarkUdit/code/flyingmonkey/gameplay-words/gameplay-1.6/external-deps/tinyxml2/lib/macosx",
					"/Users/MarkUdit/code/flyingmonkey/gameplay-words/gameplay-1.6/external-deps/tinyxml2/lib/windows/x86",
					"/Users/MarkUdit/code/flyingmonkey/gameplay-words/gameplay-1.6/external-deps/zlib/lib/android/arm",
					"/Users/MarkUdit/code/flyingmonkey/gameplay-words/gameplay-1.6/external-deps/zlib/lib/linux/x64",
					"/Users/MarkUdit/code/flyingmonkey/gameplay-words/gameplay-1.6/external-deps/zlib/lib/linux/x86",
					"/Users/MarkUdit/code/flyingmonkey/gameplay-words/gameplay-1.6/external-deps/zlib/lib/windows/x64",
					"/Users/MarkUdit/code/flyingmonkey/gameplay-words/gameplay-1.6/external-deps/zlib/lib/windows/x86",
					"/Users/MarkUdit/code/flyingmonkey/gameplay-words/win-dependencies/lib",
				);
				PRODUCT_NAME = "$(TARGET_NAME)";
				USER_HEADER_SEARCH_PATHS = "";
				VALID_ARCHS = "i386 x86_64";
				WRAPPER_EXTENSION = app;
			};
			name = Release;
		};
		5B61612A14CCC24C0073B857 /* Debug */ = {
			isa = XCBuildConfiguration;
			buildSettings = {
				ARCHS = "$(ARCHS_STANDARD_32_BIT)";
				CLANG_CXX_LANGUAGE_STANDARD = "compiler-default";
				CLANG_CXX_LIBRARY = "libstdc++";
				CODE_SIGN_IDENTITY = "iPhone Developer";
				GCC_PRECOMPILE_PREFIX_HEADER = NO;
				GCC_WARN_64_TO_32_BIT_CONVERSION = NO;
				GCC_WARN_UNUSED_VARIABLE = NO;
				HEADER_SEARCH_PATHS = (
					"../gameplay-1.6/gameplay/src",
					"../gameplay-1.6/external-deps/bullet/include",
					"../gameplay-1.6/external-deps/lua/include",
					"../gameplay-1.6/external-deps/libpng/include",
					"../gameplay-1.6/external-deps/oggvorbis/include",
				);
				INFOPLIST_FILE = "words-ios.plist";
				IPHONEOS_DEPLOYMENT_TARGET = 6.0;
				LIBRARY_SEARCH_PATHS = (
					"$(inherited)",
					"\"../gameplay-1.6/external-deps/bullet/lib/ios/$(CURRENT_ARCH)\"",
					"\"../gameplay-1.6/external-deps/lua/lib/ios/$(CURRENT_ARCH)\"",
					"\"../gameplay-1.6/external-deps/libpng/lib/ios/$(CURRENT_ARCH)\"",
					"\"../gameplay-1.6/external-deps/oggvorbis/lib/ios/$(CURRENT_ARCH)\"",
					"\"~/Library/Developer/Xcode/DerivedData/gameplay-exiunaubxxjndaapmcqkaoeboiob/Build/Products/Debug-iphoneos\"",
				);
				SDKROOT = iphoneos;
				TARGETED_DEVICE_FAMILY = "1,2";
				USER_HEADER_SEARCH_PATHS = "";
				VALID_ARCHS = "armv7 armv7s";
				WRAPPER_EXTENSION = app;
			};
			name = Debug;
		};
		5B61612B14CCC24C0073B857 /* Release */ = {
			isa = XCBuildConfiguration;
			buildSettings = {
				ARCHS = "$(ARCHS_STANDARD_32_BIT)";
				CLANG_CXX_LANGUAGE_STANDARD = "compiler-default";
				CLANG_CXX_LIBRARY = "libstdc++";
				CODE_SIGN_IDENTITY = "iPhone Developer";
				GCC_PRECOMPILE_PREFIX_HEADER = NO;
				GCC_WARN_64_TO_32_BIT_CONVERSION = NO;
				GCC_WARN_UNUSED_VARIABLE = NO;
				HEADER_SEARCH_PATHS = (
					"../gameplay-1.6/gameplay/src",
					"../gameplay-1.6/external-deps/bullet/include",
					"../gameplay-1.6/external-deps/lua/include",
					"../gameplay-1.6/external-deps/libpng/include",
					"../gameplay-1.6/external-deps/oggvorbis/include",
				);
				INFOPLIST_FILE = "words-ios.plist";
				IPHONEOS_DEPLOYMENT_TARGET = 6.0;
				LIBRARY_SEARCH_PATHS = (
					"$(inherited)",
					"\"../gameplay-1.6/external-deps/bullet/lib/ios/$(CURRENT_ARCH)\"",
					"\"../gameplay-1.6/external-deps/lua/lib/ios/$(CURRENT_ARCH)\"",
					"\"../gameplay-1.6/external-deps/libpng/lib/ios/$(CURRENT_ARCH)\"",
					"\"../gameplay-1.6/external-deps/oggvorbis/lib/ios/$(CURRENT_ARCH)\"",
					"\"~/Library/Developer/Xcode/DerivedData/gameplay-exiunaubxxjndaapmcqkaoeboiob/Build/Products/Debug-iphoneos\"",
				);
				SDKROOT = iphoneos;
				TARGETED_DEVICE_FAMILY = "1,2";
				USER_HEADER_SEARCH_PATHS = "";
				VALID_ARCHS = "armv7 armv7s";
				WRAPPER_EXTENSION = app;
			};
			name = Release;
		};
/* End XCBuildConfiguration section */

/* Begin XCConfigurationList section */
		42C932B61491A0DB0098216A /* Build configuration list for PBXProject "words" */ = {
			isa = XCConfigurationList;
			buildConfigurations = (
				42C932D81491A0DB0098216A /* Debug */,
				42C932D91491A0DB0098216A /* Release */,
			);
			defaultConfigurationIsVisible = 0;
			defaultConfigurationName = Release;
		};
		42C932DA1491A0DB0098216A /* Build configuration list for PBXNativeTarget "words-macosx" */ = {
			isa = XCConfigurationList;
			buildConfigurations = (
				42C932DB1491A0DB0098216A /* Debug */,
				42C932DC1491A0DB0098216A /* Release */,
			);
			defaultConfigurationIsVisible = 0;
			defaultConfigurationName = Release;
		};
		5B61612914CCC24C0073B857 /* Build configuration list for PBXNativeTarget "words-ios" */ = {
			isa = XCConfigurationList;
			buildConfigurations = (
				5B61612A14CCC24C0073B857 /* Debug */,
				5B61612B14CCC24C0073B857 /* Release */,
			);
			defaultConfigurationIsVisible = 0;
			defaultConfigurationName = Release;
		};
/* End XCConfigurationList section */
	};
	rootObject = 42C932B31491A0DB0098216A /* Project object */;
}
