// !$*UTF8*$!
{
	archiveVersion = 1;
	classes = {
	};
	objectVersion = 46;
	objects = {

/* Begin PBXBuildFile section */
		42049B5816ADBB61005DD1F9 /* CoreMotion.framework in Frameworks */ = {isa = PBXBuildFile; fileRef = 42049B5216ADBB61005DD1F9 /* CoreMotion.framework */; };
		42049B5916ADBB61005DD1F9 /* Foundation.framework in Frameworks */ = {isa = PBXBuildFile; fileRef = 42049B5316ADBB61005DD1F9 /* Foundation.framework */; };
		42049B5A16ADBB61005DD1F9 /* OpenAL.framework in Frameworks */ = {isa = PBXBuildFile; fileRef = 42049B5416ADBB61005DD1F9 /* OpenAL.framework */; };
		42049B5B16ADBB61005DD1F9 /* OpenGLES.framework in Frameworks */ = {isa = PBXBuildFile; fileRef = 42049B5516ADBB61005DD1F9 /* OpenGLES.framework */; };
		42049B5C16ADBB61005DD1F9 /* QuartzCore.framework in Frameworks */ = {isa = PBXBuildFile; fileRef = 42049B5616ADBB61005DD1F9 /* QuartzCore.framework */; };
		42049B5D16ADBB61005DD1F9 /* UIKit.framework in Frameworks */ = {isa = PBXBuildFile; fileRef = 42049B5716ADBB61005DD1F9 /* UIKit.framework */; };
		42049B5F16ADBBF5005DD1F9 /* libz.dylib in Frameworks */ = {isa = PBXBuildFile; fileRef = 42049B5E16ADBBF5005DD1F9 /* libz.dylib */; };
		42049B6116ADBC0F005DD1F9 /* libbullet.a in Frameworks */ = {isa = PBXBuildFile; fileRef = 42049B6016ADBC0F005DD1F9 /* libbullet.a */; };
		42049B6316ADBC30005DD1F9 /* libbullet.a in Frameworks */ = {isa = PBXBuildFile; fileRef = 42049B6216ADBC30005DD1F9 /* libbullet.a */; };
		42049B6516ADBC47005DD1F9 /* liblua.a in Frameworks */ = {isa = PBXBuildFile; fileRef = 42049B6416ADBC47005DD1F9 /* liblua.a */; };
		42049B6A16ADBC63005DD1F9 /* libogg.a in Frameworks */ = {isa = PBXBuildFile; fileRef = 42049B6616ADBC63005DD1F9 /* libogg.a */; };
		42049B6B16ADBC63005DD1F9 /* libvorbis.a in Frameworks */ = {isa = PBXBuildFile; fileRef = 42049B6716ADBC63005DD1F9 /* libvorbis.a */; };
		42049B6C16ADBC63005DD1F9 /* libvorbisenc.a in Frameworks */ = {isa = PBXBuildFile; fileRef = 42049B6816ADBC63005DD1F9 /* libvorbisenc.a */; };
		42049B6D16ADBC63005DD1F9 /* libvorbisfile.a in Frameworks */ = {isa = PBXBuildFile; fileRef = 42049B6916ADBC63005DD1F9 /* libvorbisfile.a */; };
		42049B6F16ADBC7A005DD1F9 /* libpng.a in Frameworks */ = {isa = PBXBuildFile; fileRef = 42049B6E16ADBC7A005DD1F9 /* libpng.a */; };
		42049B7116ADBC8B005DD1F9 /* libpng.a in Frameworks */ = {isa = PBXBuildFile; fileRef = 42049B7016ADBC8B005DD1F9 /* libpng.a */; };
		42049B7316ADBCAB005DD1F9 /* liblua.a in Frameworks */ = {isa = PBXBuildFile; fileRef = 42049B7216ADBCAB005DD1F9 /* liblua.a */; };
		42049B7816ADBCC3005DD1F9 /* libogg.a in Frameworks */ = {isa = PBXBuildFile; fileRef = 42049B7416ADBCC3005DD1F9 /* libogg.a */; };
		42049B7916ADBCC3005DD1F9 /* libvorbis.a in Frameworks */ = {isa = PBXBuildFile; fileRef = 42049B7516ADBCC3005DD1F9 /* libvorbis.a */; };
		42049B7A16ADBCC3005DD1F9 /* libvorbisenc.a in Frameworks */ = {isa = PBXBuildFile; fileRef = 42049B7616ADBCC3005DD1F9 /* libvorbisenc.a */; };
		42049B7B16ADBCC3005DD1F9 /* libvorbisfile.a in Frameworks */ = {isa = PBXBuildFile; fileRef = 42049B7716ADBCC3005DD1F9 /* libvorbisfile.a */; };
		421539CA16ADC583001308A3 /* libgameplay.a in Frameworks */ = {isa = PBXBuildFile; fileRef = 421539C916ADC583001308A3 /* libgameplay.a */; };
		421539CD16ADC592001308A3 /* libgameplay.a in Frameworks */ = {isa = PBXBuildFile; fileRef = 421539CC16ADC592001308A3 /* libgameplay.a */; };
		424CC03C161FCBDD00577827 /* IOKit.framework in Frameworks */ = {isa = PBXBuildFile; fileRef = 424CC03B161FCBDD00577827 /* IOKit.framework */; };
		428F7BDE15CB131A009ED24C /* game.config in Resources */ = {isa = PBXBuildFile; fileRef = 428F7BDD15CB131A009ED24C /* game.config */; };
		42C932C11491A0DB0098216A /* Cocoa.framework in Frameworks */ = {isa = PBXBuildFile; fileRef = 42C932C01491A0DB0098216A /* Cocoa.framework */; };
		42C932EE1491A4CB0098216A /* icon.png in Resources */ = {isa = PBXBuildFile; fileRef = 42C932ED1491A4CB0098216A /* icon.png */; };
		42C932F11491A5160098216A /* words.cpp in Sources */ = {isa = PBXBuildFile; fileRef = 42C932EF1491A5160098216A /* words.cpp */; };
		42C932F31491A53E0098216A /* res in Resources */ = {isa = PBXBuildFile; fileRef = 42C932F21491A53E0098216A /* res */; };
		42C933171491A5EB0098216A /* OpenGL.framework in Frameworks */ = {isa = PBXBuildFile; fileRef = 42C933161491A5EB0098216A /* OpenGL.framework */; };
		42C9331D1491A6750098216A /* QuartzCore.framework in Frameworks */ = {isa = PBXBuildFile; fileRef = 42C9331C1491A6750098216A /* QuartzCore.framework */; };
		42C9331F1491A67F0098216A /* OpenAL.framework in Frameworks */ = {isa = PBXBuildFile; fileRef = 42C9331E1491A67F0098216A /* OpenAL.framework */; };
		42C9332F1491A78D0098216A /* libz.dylib in Frameworks */ = {isa = PBXBuildFile; fileRef = 42C9332D1491A7810098216A /* libz.dylib */; };
		5B61612614CCC24C0073B857 /* icon.png in Resources */ = {isa = PBXBuildFile; fileRef = 42C932ED1491A4CB0098216A /* icon.png */; };
		5B61612714CCC24C0073B857 /* res in Resources */ = {isa = PBXBuildFile; fileRef = 42C932F21491A53E0098216A /* res */; };
		9041D25516C6BBB00098C475 /* camera_control.cpp in Sources */ = {isa = PBXBuildFile; fileRef = 9041D25316C6BBB00098C475 /* camera_control.cpp */; };
		905108D716D4A59700E17584 /* input_event_handler.cpp in Sources */ = {isa = PBXBuildFile; fileRef = 905108CF16D4A59700E17584 /* input_event_handler.cpp */; };
		905108D816D4A59700E17584 /* letter_controller.cpp in Sources */ = {isa = PBXBuildFile; fileRef = 905108D116D4A59700E17584 /* letter_controller.cpp */; };
		905108D916D4A59700E17584 /* renderable_node_repository.cpp in Sources */ = {isa = PBXBuildFile; fileRef = 905108D316D4A59700E17584 /* renderable_node_repository.cpp */; };
		905108DA16D4A59700E17584 /* tile.cpp in Sources */ = {isa = PBXBuildFile; fileRef = 905108D516D4A59700E17584 /* tile.cpp */; };
		90A2D13616DB369500E6C6DA /* animation.cpp in Sources */ = {isa = PBXBuildFile; fileRef = 90A2D13216DB369500E6C6DA /* animation.cpp */; };
		90A2D13716DB369500E6C6DA /* letter_provider.cpp in Sources */ = {isa = PBXBuildFile; fileRef = 90A2D13416DB369500E6C6DA /* letter_provider.cpp */; };
		90A2D13816DB369D00E6C6DA /* animation.cpp in Sources */ = {isa = PBXBuildFile; fileRef = 90A2D13216DB369500E6C6DA /* animation.cpp */; };
		90A2D13916DB369D00E6C6DA /* animation.hpp in Sources */ = {isa = PBXBuildFile; fileRef = 90A2D13316DB369500E6C6DA /* animation.hpp */; };
		90A2D13A16DB369D00E6C6DA /* letter_provider.cpp in Sources */ = {isa = PBXBuildFile; fileRef = 90A2D13416DB369500E6C6DA /* letter_provider.cpp */; };
		90A2D13B16DB369D00E6C6DA /* letter_provider.hpp in Sources */ = {isa = PBXBuildFile; fileRef = 90A2D13516DB369500E6C6DA /* letter_provider.hpp */; };
		90A2D13C16DB369D00E6C6DA /* input_event_handler.cpp in Sources */ = {isa = PBXBuildFile; fileRef = 905108CF16D4A59700E17584 /* input_event_handler.cpp */; };
		90A2D13D16DB369D00E6C6DA /* input_event_handler.hpp in Sources */ = {isa = PBXBuildFile; fileRef = 905108D016D4A59700E17584 /* input_event_handler.hpp */; };
		90A2D13E16DB369D00E6C6DA /* letter_controller.cpp in Sources */ = {isa = PBXBuildFile; fileRef = 905108D116D4A59700E17584 /* letter_controller.cpp */; };
		90A2D13F16DB369D00E6C6DA /* letter_controller.hpp in Sources */ = {isa = PBXBuildFile; fileRef = 905108D216D4A59700E17584 /* letter_controller.hpp */; };
		90A2D14016DB369D00E6C6DA /* renderable_node_repository.cpp in Sources */ = {isa = PBXBuildFile; fileRef = 905108D316D4A59700E17584 /* renderable_node_repository.cpp */; };
		90A2D14116DB369D00E6C6DA /* renderable_node_repository.hpp in Sources */ = {isa = PBXBuildFile; fileRef = 905108D416D4A59700E17584 /* renderable_node_repository.hpp */; };
		90A2D14216DB369D00E6C6DA /* tile.cpp in Sources */ = {isa = PBXBuildFile; fileRef = 905108D516D4A59700E17584 /* tile.cpp */; };
		90A2D14316DB369D00E6C6DA /* tile.hpp in Sources */ = {isa = PBXBuildFile; fileRef = 905108D616D4A59700E17584 /* tile.hpp */; };
		90A2D14416DB369D00E6C6DA /* camera_control.cpp in Sources */ = {isa = PBXBuildFile; fileRef = 9041D25316C6BBB00098C475 /* camera_control.cpp */; };
		90A2D14516DB369D00E6C6DA /* camera_control.hpp in Sources */ = {isa = PBXBuildFile; fileRef = 9041D25416C6BBB00098C475 /* camera_control.hpp */; };
		90A2D14616DB369D00E6C6DA /* words.cpp in Sources */ = {isa = PBXBuildFile; fileRef = 42C932EF1491A5160098216A /* words.cpp */; };
		90A2D14716DB369D00E6C6DA /* words.h in Sources */ = {isa = PBXBuildFile; fileRef = 42C932F01491A5160098216A /* words.h */; };
		90A2D14A16DC8D6700E6C6DA /* selected_text_label.cpp in Sources */ = {isa = PBXBuildFile; fileRef = 90A2D14816DC8D6700E6C6DA /* selected_text_label.cpp */; };
		90A2D14B16DC8D6E00E6C6DA /* selected_text_label.cpp in Sources */ = {isa = PBXBuildFile; fileRef = 90A2D14816DC8D6700E6C6DA /* selected_text_label.cpp */; };
		90A2D14C16DC8D6E00E6C6DA /* selected_text_label.hpp in Sources */ = {isa = PBXBuildFile; fileRef = 90A2D14916DC8D6700E6C6DA /* selected_text_label.hpp */; };
		90A2D16F16DDC92700E6C6DA /* affentry.cxx in Sources */ = {isa = PBXBuildFile; fileRef = 90A2D14E16DDC92700E6C6DA /* affentry.cxx */; };
		90A2D17016DDC92700E6C6DA /* affixmgr.cxx in Sources */ = {isa = PBXBuildFile; fileRef = 90A2D15016DDC92700E6C6DA /* affixmgr.cxx */; };
		90A2D17116DDC92700E6C6DA /* csutil.cxx in Sources */ = {isa = PBXBuildFile; fileRef = 90A2D15516DDC92700E6C6DA /* csutil.cxx */; };
		90A2D17216DDC92700E6C6DA /* dictmgr.cxx in Sources */ = {isa = PBXBuildFile; fileRef = 90A2D15716DDC92700E6C6DA /* dictmgr.cxx */; };
		90A2D17316DDC92700E6C6DA /* filemgr.cxx in Sources */ = {isa = PBXBuildFile; fileRef = 90A2D15916DDC92700E6C6DA /* filemgr.cxx */; };
		90A2D17416DDC92700E6C6DA /* hashmgr.cxx in Sources */ = {isa = PBXBuildFile; fileRef = 90A2D15B16DDC92700E6C6DA /* hashmgr.cxx */; };
		90A2D17516DDC92700E6C6DA /* hunspell.cxx in Sources */ = {isa = PBXBuildFile; fileRef = 90A2D15E16DDC92700E6C6DA /* hunspell.cxx */; };
		90A2D17616DDC92700E6C6DA /* hunzip.cxx in Sources */ = {isa = PBXBuildFile; fileRef = 90A2D16216DDC92700E6C6DA /* hunzip.cxx */; };
		90A2D17716DDC92700E6C6DA /* license.hunspell in Resources */ = {isa = PBXBuildFile; fileRef = 90A2D16516DDC92700E6C6DA /* license.hunspell */; };
		90A2D17816DDC92700E6C6DA /* license.myspell in Resources */ = {isa = PBXBuildFile; fileRef = 90A2D16616DDC92700E6C6DA /* license.myspell */; };
		90A2D17916DDC92700E6C6DA /* phonet.cxx in Sources */ = {isa = PBXBuildFile; fileRef = 90A2D16716DDC92700E6C6DA /* phonet.cxx */; };
		90A2D17A16DDC92700E6C6DA /* replist.cxx in Sources */ = {isa = PBXBuildFile; fileRef = 90A2D16916DDC92700E6C6DA /* replist.cxx */; };
		90A2D17B16DDC92700E6C6DA /* suggestmgr.cxx in Sources */ = {isa = PBXBuildFile; fileRef = 90A2D16B16DDC92700E6C6DA /* suggestmgr.cxx */; };
		90A2D17C16DDC92700E6C6DA /* utf_info.cxx in Sources */ = {isa = PBXBuildFile; fileRef = 90A2D16D16DDC92700E6C6DA /* utf_info.cxx */; };
		90A2D17D16DDC93400E6C6DA /* affentry.cxx in Sources */ = {isa = PBXBuildFile; fileRef = 90A2D14E16DDC92700E6C6DA /* affentry.cxx */; };
		90A2D17E16DDC93400E6C6DA /* affentry.hxx in Sources */ = {isa = PBXBuildFile; fileRef = 90A2D14F16DDC92700E6C6DA /* affentry.hxx */; };
		90A2D17F16DDC93400E6C6DA /* affixmgr.cxx in Sources */ = {isa = PBXBuildFile; fileRef = 90A2D15016DDC92700E6C6DA /* affixmgr.cxx */; };
		90A2D18016DDC93400E6C6DA /* affixmgr.hxx in Sources */ = {isa = PBXBuildFile; fileRef = 90A2D15116DDC92700E6C6DA /* affixmgr.hxx */; };
		90A2D18116DDC93400E6C6DA /* atypes.hxx in Sources */ = {isa = PBXBuildFile; fileRef = 90A2D15216DDC92700E6C6DA /* atypes.hxx */; };
		90A2D18216DDC93400E6C6DA /* baseaffix.hxx in Sources */ = {isa = PBXBuildFile; fileRef = 90A2D15316DDC92700E6C6DA /* baseaffix.hxx */; };
		90A2D18316DDC93400E6C6DA /* config.h in Sources */ = {isa = PBXBuildFile; fileRef = 90A2D15416DDC92700E6C6DA /* config.h */; };
		90A2D18416DDC93400E6C6DA /* csutil.cxx in Sources */ = {isa = PBXBuildFile; fileRef = 90A2D15516DDC92700E6C6DA /* csutil.cxx */; };
		90A2D18516DDC93400E6C6DA /* csutil.hxx in Sources */ = {isa = PBXBuildFile; fileRef = 90A2D15616DDC92700E6C6DA /* csutil.hxx */; };
		90A2D18616DDC93400E6C6DA /* dictmgr.cxx in Sources */ = {isa = PBXBuildFile; fileRef = 90A2D15716DDC92700E6C6DA /* dictmgr.cxx */; };
		90A2D18716DDC93400E6C6DA /* dictmgr.hxx in Sources */ = {isa = PBXBuildFile; fileRef = 90A2D15816DDC92700E6C6DA /* dictmgr.hxx */; };
		90A2D18816DDC93400E6C6DA /* filemgr.cxx in Sources */ = {isa = PBXBuildFile; fileRef = 90A2D15916DDC92700E6C6DA /* filemgr.cxx */; };
		90A2D18916DDC93400E6C6DA /* filemgr.hxx in Sources */ = {isa = PBXBuildFile; fileRef = 90A2D15A16DDC92700E6C6DA /* filemgr.hxx */; };
		90A2D18A16DDC93400E6C6DA /* hashmgr.cxx in Sources */ = {isa = PBXBuildFile; fileRef = 90A2D15B16DDC92700E6C6DA /* hashmgr.cxx */; };
		90A2D18B16DDC93400E6C6DA /* hashmgr.hxx in Sources */ = {isa = PBXBuildFile; fileRef = 90A2D15C16DDC92700E6C6DA /* hashmgr.hxx */; };
		90A2D18C16DDC93400E6C6DA /* htypes.hxx in Sources */ = {isa = PBXBuildFile; fileRef = 90A2D15D16DDC92700E6C6DA /* htypes.hxx */; };
		90A2D18D16DDC93400E6C6DA /* hunspell.cxx in Sources */ = {isa = PBXBuildFile; fileRef = 90A2D15E16DDC92700E6C6DA /* hunspell.cxx */; };
		90A2D18E16DDC93400E6C6DA /* hunspell.h in Sources */ = {isa = PBXBuildFile; fileRef = 90A2D15F16DDC92700E6C6DA /* hunspell.h */; };
		90A2D18F16DDC93400E6C6DA /* hunspell.hxx in Sources */ = {isa = PBXBuildFile; fileRef = 90A2D16016DDC92700E6C6DA /* hunspell.hxx */; };
		90A2D19016DDC93400E6C6DA /* hunvisapi.h in Sources */ = {isa = PBXBuildFile; fileRef = 90A2D16116DDC92700E6C6DA /* hunvisapi.h */; };
		90A2D19116DDC93400E6C6DA /* hunzip.cxx in Sources */ = {isa = PBXBuildFile; fileRef = 90A2D16216DDC92700E6C6DA /* hunzip.cxx */; };
		90A2D19216DDC93400E6C6DA /* hunzip.hxx in Sources */ = {isa = PBXBuildFile; fileRef = 90A2D16316DDC92700E6C6DA /* hunzip.hxx */; };
		90A2D19316DDC93400E6C6DA /* langnum.hxx in Sources */ = {isa = PBXBuildFile; fileRef = 90A2D16416DDC92700E6C6DA /* langnum.hxx */; };
		90A2D19416DDC93400E6C6DA /* license.hunspell in Sources */ = {isa = PBXBuildFile; fileRef = 90A2D16516DDC92700E6C6DA /* license.hunspell */; };
		90A2D19516DDC93400E6C6DA /* license.myspell in Sources */ = {isa = PBXBuildFile; fileRef = 90A2D16616DDC92700E6C6DA /* license.myspell */; };
		90A2D19616DDC93400E6C6DA /* phonet.cxx in Sources */ = {isa = PBXBuildFile; fileRef = 90A2D16716DDC92700E6C6DA /* phonet.cxx */; };
		90A2D19716DDC93400E6C6DA /* phonet.hxx in Sources */ = {isa = PBXBuildFile; fileRef = 90A2D16816DDC92700E6C6DA /* phonet.hxx */; };
		90A2D19816DDC93400E6C6DA /* replist.cxx in Sources */ = {isa = PBXBuildFile; fileRef = 90A2D16916DDC92700E6C6DA /* replist.cxx */; };
		90A2D19916DDC93400E6C6DA /* replist.hxx in Sources */ = {isa = PBXBuildFile; fileRef = 90A2D16A16DDC92700E6C6DA /* replist.hxx */; };
		90A2D19A16DDC93400E6C6DA /* suggestmgr.cxx in Sources */ = {isa = PBXBuildFile; fileRef = 90A2D16B16DDC92700E6C6DA /* suggestmgr.cxx */; };
		90A2D19B16DDC93400E6C6DA /* suggestmgr.hxx in Sources */ = {isa = PBXBuildFile; fileRef = 90A2D16C16DDC92700E6C6DA /* suggestmgr.hxx */; };
		90A2D19C16DDC93400E6C6DA /* utf_info.cxx in Sources */ = {isa = PBXBuildFile; fileRef = 90A2D16D16DDC92700E6C6DA /* utf_info.cxx */; };
		90A2D19D16DDC93400E6C6DA /* w_char.hxx in Sources */ = {isa = PBXBuildFile; fileRef = 90A2D16E16DDC92700E6C6DA /* w_char.hxx */; };
/* End PBXBuildFile section */

/* Begin PBXContainerItemProxy section */
		9041D24E16C6BAD50098C475 /* PBXContainerItemProxy */ = {
			isa = PBXContainerItemProxy;
			containerPortal = 5BC4E77F150F879E00CBE1C0 /* gameplay.xcodeproj */;
			proxyType = 2;
			remoteGlobalIDString = 4234D99A14686C52003031B3;
			remoteInfo = "gameplay-macosx";
		};
		9041D25016C6BAD50098C475 /* PBXContainerItemProxy */ = {
			isa = PBXContainerItemProxy;
			containerPortal = 5BC4E77F150F879E00CBE1C0 /* gameplay.xcodeproj */;
			proxyType = 2;
			remoteGlobalIDString = 5B04C5CA14BFCFE100EB0071;
			remoteInfo = "gameplay-ios";
		};
/* End PBXContainerItemProxy section */

/* Begin PBXFileReference section */
		42049B5216ADBB61005DD1F9 /* CoreMotion.framework */ = {isa = PBXFileReference; lastKnownFileType = wrapper.framework; name = CoreMotion.framework; path = Platforms/iPhoneOS.platform/Developer/SDKs/iPhoneOS6.0.sdk/System/Library/Frameworks/CoreMotion.framework; sourceTree = DEVELOPER_DIR; };
		42049B5316ADBB61005DD1F9 /* Foundation.framework */ = {isa = PBXFileReference; lastKnownFileType = wrapper.framework; name = Foundation.framework; path = Platforms/iPhoneOS.platform/Developer/SDKs/iPhoneOS6.0.sdk/System/Library/Frameworks/Foundation.framework; sourceTree = DEVELOPER_DIR; };
		42049B5416ADBB61005DD1F9 /* OpenAL.framework */ = {isa = PBXFileReference; lastKnownFileType = wrapper.framework; name = OpenAL.framework; path = Platforms/iPhoneOS.platform/Developer/SDKs/iPhoneOS6.0.sdk/System/Library/Frameworks/OpenAL.framework; sourceTree = DEVELOPER_DIR; };
		42049B5516ADBB61005DD1F9 /* OpenGLES.framework */ = {isa = PBXFileReference; lastKnownFileType = wrapper.framework; name = OpenGLES.framework; path = Platforms/iPhoneOS.platform/Developer/SDKs/iPhoneOS6.0.sdk/System/Library/Frameworks/OpenGLES.framework; sourceTree = DEVELOPER_DIR; };
		42049B5616ADBB61005DD1F9 /* QuartzCore.framework */ = {isa = PBXFileReference; lastKnownFileType = wrapper.framework; name = QuartzCore.framework; path = Platforms/iPhoneOS.platform/Developer/SDKs/iPhoneOS6.0.sdk/System/Library/Frameworks/QuartzCore.framework; sourceTree = DEVELOPER_DIR; };
		42049B5716ADBB61005DD1F9 /* UIKit.framework */ = {isa = PBXFileReference; lastKnownFileType = wrapper.framework; name = UIKit.framework; path = Platforms/iPhoneOS.platform/Developer/SDKs/iPhoneOS6.0.sdk/System/Library/Frameworks/UIKit.framework; sourceTree = DEVELOPER_DIR; };
		42049B5E16ADBBF5005DD1F9 /* libz.dylib */ = {isa = PBXFileReference; lastKnownFileType = "compiled.mach-o.dylib"; name = libz.dylib; path = Platforms/iPhoneOS.platform/Developer/SDKs/iPhoneOS6.0.sdk/usr/lib/libz.dylib; sourceTree = DEVELOPER_DIR; };
		42049B6016ADBC0F005DD1F9 /* libbullet.a */ = {isa = PBXFileReference; lastKnownFileType = archive.ar; name = libbullet.a; path = "../gameplay-1.6/external-deps/bullet/lib/ios/armv7/libbullet.a"; sourceTree = "<group>"; };
		42049B6216ADBC30005DD1F9 /* libbullet.a */ = {isa = PBXFileReference; lastKnownFileType = archive.ar; name = libbullet.a; path = "../gameplay-1.6/external-deps/bullet/lib/macosx/libbullet.a"; sourceTree = "<group>"; };
		42049B6416ADBC47005DD1F9 /* liblua.a */ = {isa = PBXFileReference; lastKnownFileType = archive.ar; name = liblua.a; path = "../gameplay-1.6/external-deps/lua/lib/macosx/liblua.a"; sourceTree = "<group>"; };
		42049B6616ADBC63005DD1F9 /* libogg.a */ = {isa = PBXFileReference; lastKnownFileType = archive.ar; name = libogg.a; path = "../gameplay-1.6/external-deps/oggvorbis/lib/macosx/libogg.a"; sourceTree = "<group>"; };
		42049B6716ADBC63005DD1F9 /* libvorbis.a */ = {isa = PBXFileReference; lastKnownFileType = archive.ar; name = libvorbis.a; path = "../gameplay-1.6/external-deps/oggvorbis/lib/macosx/libvorbis.a"; sourceTree = "<group>"; };
		42049B6816ADBC63005DD1F9 /* libvorbisenc.a */ = {isa = PBXFileReference; lastKnownFileType = archive.ar; name = libvorbisenc.a; path = "../gameplay-1.6/external-deps/oggvorbis/lib/macosx/libvorbisenc.a"; sourceTree = "<group>"; };
		42049B6916ADBC63005DD1F9 /* libvorbisfile.a */ = {isa = PBXFileReference; lastKnownFileType = archive.ar; name = libvorbisfile.a; path = "../gameplay-1.6/external-deps/oggvorbis/lib/macosx/libvorbisfile.a"; sourceTree = "<group>"; };
		42049B6E16ADBC7A005DD1F9 /* libpng.a */ = {isa = PBXFileReference; lastKnownFileType = archive.ar; name = libpng.a; path = "../gameplay-1.6/external-deps/libpng/lib/macosx/libpng.a"; sourceTree = "<group>"; };
		42049B7016ADBC8B005DD1F9 /* libpng.a */ = {isa = PBXFileReference; lastKnownFileType = archive.ar; name = libpng.a; path = "../gameplay-1.6/external-deps/libpng/lib/ios/armv7/libpng.a"; sourceTree = "<group>"; };
		42049B7216ADBCAB005DD1F9 /* liblua.a */ = {isa = PBXFileReference; lastKnownFileType = archive.ar; name = liblua.a; path = "../gameplay-1.6/external-deps/lua/lib/ios/armv7/liblua.a"; sourceTree = "<group>"; };
		42049B7416ADBCC3005DD1F9 /* libogg.a */ = {isa = PBXFileReference; lastKnownFileType = archive.ar; name = libogg.a; path = "../gameplay-1.6/external-deps/oggvorbis/lib/ios/armv7/libogg.a"; sourceTree = "<group>"; };
		42049B7516ADBCC3005DD1F9 /* libvorbis.a */ = {isa = PBXFileReference; lastKnownFileType = archive.ar; name = libvorbis.a; path = "../gameplay-1.6/external-deps/oggvorbis/lib/ios/armv7/libvorbis.a"; sourceTree = "<group>"; };
		42049B7616ADBCC3005DD1F9 /* libvorbisenc.a */ = {isa = PBXFileReference; lastKnownFileType = archive.ar; name = libvorbisenc.a; path = "../gameplay-1.6/external-deps/oggvorbis/lib/ios/armv7/libvorbisenc.a"; sourceTree = "<group>"; };
		42049B7716ADBCC3005DD1F9 /* libvorbisfile.a */ = {isa = PBXFileReference; lastKnownFileType = archive.ar; name = libvorbisfile.a; path = "../gameplay-1.6/external-deps/oggvorbis/lib/ios/armv7/libvorbisfile.a"; sourceTree = "<group>"; };
		421539C916ADC583001308A3 /* libgameplay.a */ = {isa = PBXFileReference; lastKnownFileType = archive.ar; name = libgameplay.a; path = "~/Library/Developer/Xcode/DerivedData/gameplay-exiunaubxxjndaapmcqkaoeboiob/Build/Products/Debug/libgameplay.a"; sourceTree = "<group>"; };
		421539CC16ADC592001308A3 /* libgameplay.a */ = {isa = PBXFileReference; lastKnownFileType = archive.ar; name = libgameplay.a; path = "~/Library/Developer/Xcode/DerivedData/gameplay-exiunaubxxjndaapmcqkaoeboiob/Build/Products/Debug-iphoneos/libgameplay.a"; sourceTree = "<group>"; };
		424CC03B161FCBDD00577827 /* IOKit.framework */ = {isa = PBXFileReference; lastKnownFileType = wrapper.framework; name = IOKit.framework; path = System/Library/Frameworks/IOKit.framework; sourceTree = SDKROOT; };
		428F7BDD15CB131A009ED24C /* game.config */ = {isa = PBXFileReference; fileEncoding = 4; lastKnownFileType = text; path = game.config; sourceTree = "<group>"; };
		42C932BC1491A0DB0098216A /* words-macosx.app */ = {isa = PBXFileReference; explicitFileType = wrapper.application; includeInIndex = 0; path = "words-macosx.app"; sourceTree = BUILT_PRODUCTS_DIR; };
		42C932C01491A0DB0098216A /* Cocoa.framework */ = {isa = PBXFileReference; lastKnownFileType = wrapper.framework; name = Cocoa.framework; path = System/Library/Frameworks/Cocoa.framework; sourceTree = SDKROOT; };
		42C932ED1491A4CB0098216A /* icon.png */ = {isa = PBXFileReference; lastKnownFileType = image.png; path = icon.png; sourceTree = "<group>"; };
		42C932EF1491A5160098216A /* words.cpp */ = {isa = PBXFileReference; fileEncoding = 4; lastKnownFileType = sourcecode.cpp.cpp; name = words.cpp; path = src/words.cpp; sourceTree = SOURCE_ROOT; };
		42C932F01491A5160098216A /* words.h */ = {isa = PBXFileReference; fileEncoding = 4; lastKnownFileType = sourcecode.c.h; name = words.h; path = src/words.h; sourceTree = SOURCE_ROOT; };
		42C932F21491A53E0098216A /* res */ = {isa = PBXFileReference; lastKnownFileType = folder; path = res; sourceTree = "<group>"; };
		42C933161491A5EB0098216A /* OpenGL.framework */ = {isa = PBXFileReference; lastKnownFileType = wrapper.framework; name = OpenGL.framework; path = System/Library/Frameworks/OpenGL.framework; sourceTree = SDKROOT; };
		42C9331C1491A6750098216A /* QuartzCore.framework */ = {isa = PBXFileReference; lastKnownFileType = wrapper.framework; name = QuartzCore.framework; path = System/Library/Frameworks/QuartzCore.framework; sourceTree = SDKROOT; };
		42C9331E1491A67F0098216A /* OpenAL.framework */ = {isa = PBXFileReference; lastKnownFileType = wrapper.framework; name = OpenAL.framework; path = System/Library/Frameworks/OpenAL.framework; sourceTree = SDKROOT; };
		42C9332D1491A7810098216A /* libz.dylib */ = {isa = PBXFileReference; lastKnownFileType = "compiled.mach-o.dylib"; name = libz.dylib; path = usr/lib/libz.dylib; sourceTree = SDKROOT; };
		5B61611214CCC2200073B857 /* words-macosx.plist */ = {isa = PBXFileReference; fileEncoding = 4; lastKnownFileType = text.plist.xml; path = "words-macosx.plist"; sourceTree = "<group>"; };
		5B61612C14CCC24C0073B857 /* words-ios.app */ = {isa = PBXFileReference; explicitFileType = wrapper.application; includeInIndex = 0; path = "words-ios.app"; sourceTree = BUILT_PRODUCTS_DIR; };
		5B61612E14CCC24D0073B857 /* words-ios.plist */ = {isa = PBXFileReference; lastKnownFileType = text.plist.xml; path = "words-ios.plist"; sourceTree = "<group>"; };
		5BC4E77F150F879E00CBE1C0 /* gameplay.xcodeproj */ = {isa = PBXFileReference; lastKnownFileType = "wrapper.pb-project"; name = gameplay.xcodeproj; path = "../gameplay-1.6/gameplay/gameplay.xcodeproj"; sourceTree = SOURCE_ROOT; };
		5BC4E849150F911D00CBE1C0 /* shaders */ = {isa = PBXFileReference; lastKnownFileType = text; name = shaders; path = "../gameplay-1.6/gameplay/res/shaders"; sourceTree = SOURCE_ROOT; };
		9041D25316C6BBB00098C475 /* camera_control.cpp */ = {isa = PBXFileReference; fileEncoding = 4; lastKnownFileType = sourcecode.cpp.cpp; path = camera_control.cpp; sourceTree = "<group>"; };
		9041D25416C6BBB00098C475 /* camera_control.hpp */ = {isa = PBXFileReference; fileEncoding = 4; lastKnownFileType = sourcecode.cpp.h; path = camera_control.hpp; sourceTree = "<group>"; };
		905108CF16D4A59700E17584 /* input_event_handler.cpp */ = {isa = PBXFileReference; fileEncoding = 4; lastKnownFileType = sourcecode.cpp.cpp; path = input_event_handler.cpp; sourceTree = "<group>"; };
		905108D016D4A59700E17584 /* input_event_handler.hpp */ = {isa = PBXFileReference; fileEncoding = 4; lastKnownFileType = sourcecode.cpp.h; path = input_event_handler.hpp; sourceTree = "<group>"; };
		905108D116D4A59700E17584 /* letter_controller.cpp */ = {isa = PBXFileReference; fileEncoding = 4; lastKnownFileType = sourcecode.cpp.cpp; path = letter_controller.cpp; sourceTree = "<group>"; };
		905108D216D4A59700E17584 /* letter_controller.hpp */ = {isa = PBXFileReference; fileEncoding = 4; lastKnownFileType = sourcecode.cpp.h; path = letter_controller.hpp; sourceTree = "<group>"; };
		905108D316D4A59700E17584 /* renderable_node_repository.cpp */ = {isa = PBXFileReference; fileEncoding = 4; lastKnownFileType = sourcecode.cpp.cpp; path = renderable_node_repository.cpp; sourceTree = "<group>"; };
		905108D416D4A59700E17584 /* renderable_node_repository.hpp */ = {isa = PBXFileReference; fileEncoding = 4; lastKnownFileType = sourcecode.cpp.h; path = renderable_node_repository.hpp; sourceTree = "<group>"; };
		905108D516D4A59700E17584 /* tile.cpp */ = {isa = PBXFileReference; fileEncoding = 4; lastKnownFileType = sourcecode.cpp.cpp; path = tile.cpp; sourceTree = "<group>"; };
		905108D616D4A59700E17584 /* tile.hpp */ = {isa = PBXFileReference; fileEncoding = 4; lastKnownFileType = sourcecode.cpp.h; path = tile.hpp; sourceTree = "<group>"; };
		90A2D13216DB369500E6C6DA /* animation.cpp */ = {isa = PBXFileReference; fileEncoding = 4; lastKnownFileType = sourcecode.cpp.cpp; path = animation.cpp; sourceTree = "<group>"; };
		90A2D13316DB369500E6C6DA /* animation.hpp */ = {isa = PBXFileReference; fileEncoding = 4; lastKnownFileType = sourcecode.cpp.h; path = animation.hpp; sourceTree = "<group>"; };
		90A2D13416DB369500E6C6DA /* letter_provider.cpp */ = {isa = PBXFileReference; fileEncoding = 4; lastKnownFileType = sourcecode.cpp.cpp; path = letter_provider.cpp; sourceTree = "<group>"; };
		90A2D13516DB369500E6C6DA /* letter_provider.hpp */ = {isa = PBXFileReference; fileEncoding = 4; lastKnownFileType = sourcecode.cpp.h; path = letter_provider.hpp; sourceTree = "<group>"; };
		90A2D14816DC8D6700E6C6DA /* selected_text_label.cpp */ = {isa = PBXFileReference; fileEncoding = 4; lastKnownFileType = sourcecode.cpp.cpp; path = selected_text_label.cpp; sourceTree = "<group>"; };
		90A2D14916DC8D6700E6C6DA /* selected_text_label.hpp */ = {isa = PBXFileReference; fileEncoding = 4; lastKnownFileType = sourcecode.cpp.h; path = selected_text_label.hpp; sourceTree = "<group>"; };
		90A2D14E16DDC92700E6C6DA /* affentry.cxx */ = {isa = PBXFileReference; fileEncoding = 4; lastKnownFileType = sourcecode.cpp.cpp; path = affentry.cxx; sourceTree = "<group>"; };
		90A2D14F16DDC92700E6C6DA /* affentry.hxx */ = {isa = PBXFileReference; fileEncoding = 4; lastKnownFileType = sourcecode.cpp.h; path = affentry.hxx; sourceTree = "<group>"; };
		90A2D15016DDC92700E6C6DA /* affixmgr.cxx */ = {isa = PBXFileReference; fileEncoding = 4; lastKnownFileType = sourcecode.cpp.cpp; path = affixmgr.cxx; sourceTree = "<group>"; };
		90A2D15116DDC92700E6C6DA /* affixmgr.hxx */ = {isa = PBXFileReference; fileEncoding = 4; lastKnownFileType = sourcecode.cpp.h; path = affixmgr.hxx; sourceTree = "<group>"; };
		90A2D15216DDC92700E6C6DA /* atypes.hxx */ = {isa = PBXFileReference; fileEncoding = 4; lastKnownFileType = sourcecode.cpp.h; path = atypes.hxx; sourceTree = "<group>"; };
		90A2D15316DDC92700E6C6DA /* baseaffix.hxx */ = {isa = PBXFileReference; fileEncoding = 4; lastKnownFileType = sourcecode.cpp.h; path = baseaffix.hxx; sourceTree = "<group>"; };
		90A2D15416DDC92700E6C6DA /* config.h */ = {isa = PBXFileReference; fileEncoding = 4; lastKnownFileType = sourcecode.c.h; path = config.h; sourceTree = "<group>"; };
		90A2D15516DDC92700E6C6DA /* csutil.cxx */ = {isa = PBXFileReference; fileEncoding = 4; lastKnownFileType = sourcecode.cpp.cpp; path = csutil.cxx; sourceTree = "<group>"; };
		90A2D15616DDC92700E6C6DA /* csutil.hxx */ = {isa = PBXFileReference; fileEncoding = 4; lastKnownFileType = sourcecode.cpp.h; path = csutil.hxx; sourceTree = "<group>"; };
		90A2D15716DDC92700E6C6DA /* dictmgr.cxx */ = {isa = PBXFileReference; fileEncoding = 4; lastKnownFileType = sourcecode.cpp.cpp; path = dictmgr.cxx; sourceTree = "<group>"; };
		90A2D15816DDC92700E6C6DA /* dictmgr.hxx */ = {isa = PBXFileReference; fileEncoding = 4; lastKnownFileType = sourcecode.cpp.h; path = dictmgr.hxx; sourceTree = "<group>"; };
		90A2D15916DDC92700E6C6DA /* filemgr.cxx */ = {isa = PBXFileReference; fileEncoding = 4; lastKnownFileType = sourcecode.cpp.cpp; path = filemgr.cxx; sourceTree = "<group>"; };
		90A2D15A16DDC92700E6C6DA /* filemgr.hxx */ = {isa = PBXFileReference; fileEncoding = 4; lastKnownFileType = sourcecode.cpp.h; path = filemgr.hxx; sourceTree = "<group>"; };
		90A2D15B16DDC92700E6C6DA /* hashmgr.cxx */ = {isa = PBXFileReference; fileEncoding = 4; lastKnownFileType = sourcecode.cpp.cpp; path = hashmgr.cxx; sourceTree = "<group>"; };
		90A2D15C16DDC92700E6C6DA /* hashmgr.hxx */ = {isa = PBXFileReference; fileEncoding = 4; lastKnownFileType = sourcecode.cpp.h; path = hashmgr.hxx; sourceTree = "<group>"; };
		90A2D15D16DDC92700E6C6DA /* htypes.hxx */ = {isa = PBXFileReference; fileEncoding = 4; lastKnownFileType = sourcecode.cpp.h; path = htypes.hxx; sourceTree = "<group>"; };
		90A2D15E16DDC92700E6C6DA /* hunspell.cxx */ = {isa = PBXFileReference; fileEncoding = 4; lastKnownFileType = sourcecode.cpp.cpp; path = hunspell.cxx; sourceTree = "<group>"; };
		90A2D15F16DDC92700E6C6DA /* hunspell.h */ = {isa = PBXFileReference; fileEncoding = 4; lastKnownFileType = sourcecode.c.h; path = hunspell.h; sourceTree = "<group>"; };
		90A2D16016DDC92700E6C6DA /* hunspell.hxx */ = {isa = PBXFileReference; fileEncoding = 4; lastKnownFileType = sourcecode.cpp.h; path = hunspell.hxx; sourceTree = "<group>"; };
		90A2D16116DDC92700E6C6DA /* hunvisapi.h */ = {isa = PBXFileReference; fileEncoding = 4; lastKnownFileType = sourcecode.c.h; path = hunvisapi.h; sourceTree = "<group>"; };
		90A2D16216DDC92700E6C6DA /* hunzip.cxx */ = {isa = PBXFileReference; fileEncoding = 4; lastKnownFileType = sourcecode.cpp.cpp; path = hunzip.cxx; sourceTree = "<group>"; };
		90A2D16316DDC92700E6C6DA /* hunzip.hxx */ = {isa = PBXFileReference; fileEncoding = 4; lastKnownFileType = sourcecode.cpp.h; path = hunzip.hxx; sourceTree = "<group>"; };
		90A2D16416DDC92700E6C6DA /* langnum.hxx */ = {isa = PBXFileReference; fileEncoding = 4; lastKnownFileType = sourcecode.cpp.h; path = langnum.hxx; sourceTree = "<group>"; };
		90A2D16516DDC92700E6C6DA /* license.hunspell */ = {isa = PBXFileReference; fileEncoding = 4; lastKnownFileType = text; path = license.hunspell; sourceTree = "<group>"; };
		90A2D16616DDC92700E6C6DA /* license.myspell */ = {isa = PBXFileReference; fileEncoding = 4; lastKnownFileType = text; path = license.myspell; sourceTree = "<group>"; };
		90A2D16716DDC92700E6C6DA /* phonet.cxx */ = {isa = PBXFileReference; fileEncoding = 4; lastKnownFileType = sourcecode.cpp.cpp; path = phonet.cxx; sourceTree = "<group>"; };
		90A2D16816DDC92700E6C6DA /* phonet.hxx */ = {isa = PBXFileReference; fileEncoding = 4; lastKnownFileType = sourcecode.cpp.h; path = phonet.hxx; sourceTree = "<group>"; };
		90A2D16916DDC92700E6C6DA /* replist.cxx */ = {isa = PBXFileReference; fileEncoding = 4; lastKnownFileType = sourcecode.cpp.cpp; path = replist.cxx; sourceTree = "<group>"; };
		90A2D16A16DDC92700E6C6DA /* replist.hxx */ = {isa = PBXFileReference; fileEncoding = 4; lastKnownFileType = sourcecode.cpp.h; path = replist.hxx; sourceTree = "<group>"; };
		90A2D16B16DDC92700E6C6DA /* suggestmgr.cxx */ = {isa = PBXFileReference; fileEncoding = 4; lastKnownFileType = sourcecode.cpp.cpp; path = suggestmgr.cxx; sourceTree = "<group>"; };
		90A2D16C16DDC92700E6C6DA /* suggestmgr.hxx */ = {isa = PBXFileReference; fileEncoding = 4; lastKnownFileType = sourcecode.cpp.h; path = suggestmgr.hxx; sourceTree = "<group>"; };
		90A2D16D16DDC92700E6C6DA /* utf_info.cxx */ = {isa = PBXFileReference; fileEncoding = 4; lastKnownFileType = sourcecode.cpp.cpp; path = utf_info.cxx; sourceTree = "<group>"; };
		90A2D16E16DDC92700E6C6DA /* w_char.hxx */ = {isa = PBXFileReference; fileEncoding = 4; lastKnownFileType = sourcecode.cpp.h; path = w_char.hxx; sourceTree = "<group>"; };
/* End PBXFileReference section */

/* Begin PBXFrameworksBuildPhase section */
		42C932B91491A0DB0098216A /* Frameworks */ = {
			isa = PBXFrameworksBuildPhase;
			buildActionMask = 2147483647;
			files = (
				421539CA16ADC583001308A3 /* libgameplay.a in Frameworks */,
				42049B6316ADBC30005DD1F9 /* libbullet.a in Frameworks */,
				42049B6516ADBC47005DD1F9 /* liblua.a in Frameworks */,
				42049B6F16ADBC7A005DD1F9 /* libpng.a in Frameworks */,
				42049B6A16ADBC63005DD1F9 /* libogg.a in Frameworks */,
				42049B6B16ADBC63005DD1F9 /* libvorbis.a in Frameworks */,
				42049B6C16ADBC63005DD1F9 /* libvorbisenc.a in Frameworks */,
				42049B6D16ADBC63005DD1F9 /* libvorbisfile.a in Frameworks */,
				42C9332F1491A78D0098216A /* libz.dylib in Frameworks */,
				424CC03C161FCBDD00577827 /* IOKit.framework in Frameworks */,
				42C932C11491A0DB0098216A /* Cocoa.framework in Frameworks */,
				42C9331D1491A6750098216A /* QuartzCore.framework in Frameworks */,
				42C933171491A5EB0098216A /* OpenGL.framework in Frameworks */,
				42C9331F1491A67F0098216A /* OpenAL.framework in Frameworks */,
			);
			runOnlyForDeploymentPostprocessing = 0;
		};
		5B61611714CCC24C0073B857 /* Frameworks */ = {
			isa = PBXFrameworksBuildPhase;
			buildActionMask = 2147483647;
			files = (
				421539CD16ADC592001308A3 /* libgameplay.a in Frameworks */,
				42049B6116ADBC0F005DD1F9 /* libbullet.a in Frameworks */,
				42049B7316ADBCAB005DD1F9 /* liblua.a in Frameworks */,
				42049B7116ADBC8B005DD1F9 /* libpng.a in Frameworks */,
				42049B7816ADBCC3005DD1F9 /* libogg.a in Frameworks */,
				42049B7916ADBCC3005DD1F9 /* libvorbis.a in Frameworks */,
				42049B7A16ADBCC3005DD1F9 /* libvorbisenc.a in Frameworks */,
				42049B7B16ADBCC3005DD1F9 /* libvorbisfile.a in Frameworks */,
				42049B5F16ADBBF5005DD1F9 /* libz.dylib in Frameworks */,
				42049B5816ADBB61005DD1F9 /* CoreMotion.framework in Frameworks */,
				42049B5916ADBB61005DD1F9 /* Foundation.framework in Frameworks */,
				42049B5A16ADBB61005DD1F9 /* OpenAL.framework in Frameworks */,
				42049B5B16ADBB61005DD1F9 /* OpenGLES.framework in Frameworks */,
				42049B5C16ADBB61005DD1F9 /* QuartzCore.framework in Frameworks */,
				42049B5D16ADBB61005DD1F9 /* UIKit.framework in Frameworks */,
			);
			runOnlyForDeploymentPostprocessing = 0;
		};
/* End PBXFrameworksBuildPhase section */

/* Begin PBXGroup section */
		42C932B11491A0DB0098216A = {
			isa = PBXGroup;
			children = (
				5B61611214CCC2200073B857 /* words-macosx.plist */,
				5B61612E14CCC24D0073B857 /* words-ios.plist */,
				42C932ED1491A4CB0098216A /* icon.png */,
				428F7BDD15CB131A009ED24C /* game.config */,
				42C932F21491A53E0098216A /* res */,
				42C932C61491A0DB0098216A /* src */,
				42C932DD1491A1050098216A /* Libraries */,
				42C932BF1491A0DB0098216A /* Frameworks */,
				42C932BD1491A0DB0098216A /* Products */,
			);
			sourceTree = "<group>";
		};
		42C932BD1491A0DB0098216A /* Products */ = {
			isa = PBXGroup;
			children = (
				42C932BC1491A0DB0098216A /* words-macosx.app */,
				5B61612C14CCC24C0073B857 /* words-ios.app */,
			);
			name = Products;
			sourceTree = "<group>";
		};
		42C932BF1491A0DB0098216A /* Frameworks */ = {
			isa = PBXGroup;
			children = (
				5B61613A14CCC3590073B857 /* MacOSX */,
				5B61613914CCC3560073B857 /* iOS */,
			);
			name = Frameworks;
			sourceTree = "<group>";
		};
		42C932C61491A0DB0098216A /* src */ = {
			isa = PBXGroup;
			children = (
				90A2D14D16DDC92700E6C6DA /* hunspell */,
				90A2D14816DC8D6700E6C6DA /* selected_text_label.cpp */,
				90A2D14916DC8D6700E6C6DA /* selected_text_label.hpp */,
				90A2D13216DB369500E6C6DA /* animation.cpp */,
				90A2D13316DB369500E6C6DA /* animation.hpp */,
				90A2D13416DB369500E6C6DA /* letter_provider.cpp */,
				90A2D13516DB369500E6C6DA /* letter_provider.hpp */,
				905108CF16D4A59700E17584 /* input_event_handler.cpp */,
				905108D016D4A59700E17584 /* input_event_handler.hpp */,
				905108D116D4A59700E17584 /* letter_controller.cpp */,
				905108D216D4A59700E17584 /* letter_controller.hpp */,
				905108D316D4A59700E17584 /* renderable_node_repository.cpp */,
				905108D416D4A59700E17584 /* renderable_node_repository.hpp */,
				905108D516D4A59700E17584 /* tile.cpp */,
				905108D616D4A59700E17584 /* tile.hpp */,
				9041D25316C6BBB00098C475 /* camera_control.cpp */,
				9041D25416C6BBB00098C475 /* camera_control.hpp */,
				42C932EF1491A5160098216A /* words.cpp */,
				42C932F01491A5160098216A /* words.h */,
			);
			path = src;
			sourceTree = "<group>";
		};
		42C932DD1491A1050098216A /* Libraries */ = {
			isa = PBXGroup;
			children = (
				5BC4E825150F8CE600CBE1C0 /* GamePlay */,
				F1F49B8516AD8C22008715A2 /* MacOSX */,
				F1F49B8716AD8C30008715A2 /* iOS */,
			);
			name = Libraries;
			sourceTree = "<group>";
		};
		5B61613914CCC3560073B857 /* iOS */ = {
			isa = PBXGroup;
			children = (
				42049B5216ADBB61005DD1F9 /* CoreMotion.framework */,
				42049B5316ADBB61005DD1F9 /* Foundation.framework */,
				42049B5416ADBB61005DD1F9 /* OpenAL.framework */,
				42049B5516ADBB61005DD1F9 /* OpenGLES.framework */,
				42049B5616ADBB61005DD1F9 /* QuartzCore.framework */,
				42049B5716ADBB61005DD1F9 /* UIKit.framework */,
			);
			name = iOS;
			sourceTree = "<group>";
		};
		5B61613A14CCC3590073B857 /* MacOSX */ = {
			isa = PBXGroup;
			children = (
				424CC03B161FCBDD00577827 /* IOKit.framework */,
				42C932C01491A0DB0098216A /* Cocoa.framework */,
				42C9331C1491A6750098216A /* QuartzCore.framework */,
				42C933161491A5EB0098216A /* OpenGL.framework */,
				42C9331E1491A67F0098216A /* OpenAL.framework */,
			);
			name = MacOSX;
			sourceTree = "<group>";
		};
		5BC4E825150F8CE600CBE1C0 /* GamePlay */ = {
			isa = PBXGroup;
			children = (
				5BC4E77F150F879E00CBE1C0 /* gameplay.xcodeproj */,
				5BC4E849150F911D00CBE1C0 /* shaders */,
			);
			name = GamePlay;
			sourceTree = "<group>";
		};
		9041D24A16C6BAD50098C475 /* Products */ = {
			isa = PBXGroup;
			children = (
				9041D24F16C6BAD50098C475 /* libgameplay.a */,
				9041D25116C6BAD50098C475 /* libgameplay.a */,
			);
			name = Products;
			sourceTree = "<group>";
		};
		90A2D14D16DDC92700E6C6DA /* hunspell */ = {
			isa = PBXGroup;
			children = (
				90A2D14E16DDC92700E6C6DA /* affentry.cxx */,
				90A2D14F16DDC92700E6C6DA /* affentry.hxx */,
				90A2D15016DDC92700E6C6DA /* affixmgr.cxx */,
				90A2D15116DDC92700E6C6DA /* affixmgr.hxx */,
				90A2D15216DDC92700E6C6DA /* atypes.hxx */,
				90A2D15316DDC92700E6C6DA /* baseaffix.hxx */,
				90A2D15416DDC92700E6C6DA /* config.h */,
				90A2D15516DDC92700E6C6DA /* csutil.cxx */,
				90A2D15616DDC92700E6C6DA /* csutil.hxx */,
				90A2D15716DDC92700E6C6DA /* dictmgr.cxx */,
				90A2D15816DDC92700E6C6DA /* dictmgr.hxx */,
				90A2D15916DDC92700E6C6DA /* filemgr.cxx */,
				90A2D15A16DDC92700E6C6DA /* filemgr.hxx */,
				90A2D15B16DDC92700E6C6DA /* hashmgr.cxx */,
				90A2D15C16DDC92700E6C6DA /* hashmgr.hxx */,
				90A2D15D16DDC92700E6C6DA /* htypes.hxx */,
				90A2D15E16DDC92700E6C6DA /* hunspell.cxx */,
				90A2D15F16DDC92700E6C6DA /* hunspell.h */,
				90A2D16016DDC92700E6C6DA /* hunspell.hxx */,
				90A2D16116DDC92700E6C6DA /* hunvisapi.h */,
				90A2D16216DDC92700E6C6DA /* hunzip.cxx */,
				90A2D16316DDC92700E6C6DA /* hunzip.hxx */,
				90A2D16416DDC92700E6C6DA /* langnum.hxx */,
				90A2D16516DDC92700E6C6DA /* license.hunspell */,
				90A2D16616DDC92700E6C6DA /* license.myspell */,
				90A2D16716DDC92700E6C6DA /* phonet.cxx */,
				90A2D16816DDC92700E6C6DA /* phonet.hxx */,
				90A2D16916DDC92700E6C6DA /* replist.cxx */,
				90A2D16A16DDC92700E6C6DA /* replist.hxx */,
				90A2D16B16DDC92700E6C6DA /* suggestmgr.cxx */,
				90A2D16C16DDC92700E6C6DA /* suggestmgr.hxx */,
				90A2D16D16DDC92700E6C6DA /* utf_info.cxx */,
				90A2D16E16DDC92700E6C6DA /* w_char.hxx */,
			);
			path = hunspell;
			sourceTree = "<group>";
		};
		F1F49B8516AD8C22008715A2 /* MacOSX */ = {
			isa = PBXGroup;
			children = (
				421539C916ADC583001308A3 /* libgameplay.a */,
				42049B6216ADBC30005DD1F9 /* libbullet.a */,
				42049B6416ADBC47005DD1F9 /* liblua.a */,
				42049B6616ADBC63005DD1F9 /* libogg.a */,
				42049B6716ADBC63005DD1F9 /* libvorbis.a */,
				42049B6816ADBC63005DD1F9 /* libvorbisenc.a */,
				42049B6916ADBC63005DD1F9 /* libvorbisfile.a */,
				42049B6E16ADBC7A005DD1F9 /* libpng.a */,
				42C9332D1491A7810098216A /* libz.dylib */,
			);
			name = MacOSX;
			sourceTree = "<group>";
		};
		F1F49B8716AD8C30008715A2 /* iOS */ = {
			isa = PBXGroup;
			children = (
				421539CC16ADC592001308A3 /* libgameplay.a */,
				42049B6016ADBC0F005DD1F9 /* libbullet.a */,
				42049B7216ADBCAB005DD1F9 /* liblua.a */,
				42049B7016ADBC8B005DD1F9 /* libpng.a */,
				42049B7416ADBCC3005DD1F9 /* libogg.a */,
				42049B7516ADBCC3005DD1F9 /* libvorbis.a */,
				42049B7616ADBCC3005DD1F9 /* libvorbisenc.a */,
				42049B7716ADBCC3005DD1F9 /* libvorbisfile.a */,
				42049B5E16ADBBF5005DD1F9 /* libz.dylib */,
			);
			name = iOS;
			sourceTree = "<group>";
		};
/* End PBXGroup section */

/* Begin PBXNativeTarget section */
		42C932BB1491A0DB0098216A /* words-macosx */ = {
			isa = PBXNativeTarget;
			buildConfigurationList = 42C932DA1491A0DB0098216A /* Build configuration list for PBXNativeTarget "words-macosx" */;
			buildPhases = (
				42C932B81491A0DB0098216A /* Sources */,
				42C932B91491A0DB0098216A /* Frameworks */,
				42C933301491A7B50098216A /* ShellScript */,
				42C932BA1491A0DB0098216A /* Resources */,
			);
			buildRules = (
			);
			dependencies = (
			);
			name = "words-macosx";
			productName = words;
			productReference = 42C932BC1491A0DB0098216A /* words-macosx.app */;
			productType = "com.apple.product-type.application";
		};
		5B61611414CCC24C0073B857 /* words-ios */ = {
			isa = PBXNativeTarget;
			buildConfigurationList = 5B61612914CCC24C0073B857 /* Build configuration list for PBXNativeTarget "words-ios" */;
			buildPhases = (
				5B61611514CCC24C0073B857 /* Sources */,
				5B61611714CCC24C0073B857 /* Frameworks */,
				5B61612414CCC24C0073B857 /* ShellScript */,
				5B61612514CCC24C0073B857 /* Resources */,
			);
			buildRules = (
			);
			dependencies = (
			);
			name = "words-ios";
			productName = words;
			productReference = 5B61612C14CCC24C0073B857 /* words-ios.app */;
			productType = "com.apple.product-type.application";
		};
/* End PBXNativeTarget section */

/* Begin PBXProject section */
		42C932B31491A0DB0098216A /* Project object */ = {
			isa = PBXProject;
			attributes = {
				LastUpgradeCheck = 0450;
			};
			buildConfigurationList = 42C932B61491A0DB0098216A /* Build configuration list for PBXProject "words" */;
			compatibilityVersion = "Xcode 3.2";
			developmentRegion = English;
			hasScannedForEncodings = 0;
			knownRegions = (
				en,
			);
			mainGroup = 42C932B11491A0DB0098216A;
			productRefGroup = 42C932BD1491A0DB0098216A /* Products */;
			projectDirPath = "";
			projectReferences = (
				{
					ProductGroup = 9041D24A16C6BAD50098C475 /* Products */;
					ProjectRef = 5BC4E77F150F879E00CBE1C0 /* gameplay.xcodeproj */;
				},
			);
			projectRoot = "";
			targets = (
				42C932BB1491A0DB0098216A /* words-macosx */,
				5B61611414CCC24C0073B857 /* words-ios */,
			);
		};
/* End PBXProject section */

/* Begin PBXReferenceProxy section */
		9041D24F16C6BAD50098C475 /* libgameplay.a */ = {
			isa = PBXReferenceProxy;
			fileType = archive.ar;
			path = libgameplay.a;
			remoteRef = 9041D24E16C6BAD50098C475 /* PBXContainerItemProxy */;
			sourceTree = BUILT_PRODUCTS_DIR;
		};
		9041D25116C6BAD50098C475 /* libgameplay.a */ = {
			isa = PBXReferenceProxy;
			fileType = archive.ar;
			path = libgameplay.a;
			remoteRef = 9041D25016C6BAD50098C475 /* PBXContainerItemProxy */;
			sourceTree = BUILT_PRODUCTS_DIR;
		};
/* End PBXReferenceProxy section */

/* Begin PBXResourcesBuildPhase section */
		42C932BA1491A0DB0098216A /* Resources */ = {
			isa = PBXResourcesBuildPhase;
			buildActionMask = 2147483647;
			files = (
				42C932EE1491A4CB0098216A /* icon.png in Resources */,
				428F7BDE15CB131A009ED24C /* game.config in Resources */,
				42C932F31491A53E0098216A /* res in Resources */,
				90A2D17716DDC92700E6C6DA /* license.hunspell in Resources */,
				90A2D17816DDC92700E6C6DA /* license.myspell in Resources */,
			);
			runOnlyForDeploymentPostprocessing = 0;
		};
		5B61612514CCC24C0073B857 /* Resources */ = {
			isa = PBXResourcesBuildPhase;
			buildActionMask = 2147483647;
			files = (
				5B61612614CCC24C0073B857 /* icon.png in Resources */,
				5B61612714CCC24C0073B857 /* res in Resources */,
			);
			runOnlyForDeploymentPostprocessing = 0;
		};
/* End PBXResourcesBuildPhase section */

/* Begin PBXShellScriptBuildPhase section */
		42C933301491A7B50098216A /* ShellScript */ = {
			isa = PBXShellScriptBuildPhase;
			buildActionMask = 2147483647;
			files = (
			);
			inputPaths = (
			);
			outputPaths = (
			);
			runOnlyForDeploymentPostprocessing = 0;
			shellPath = /bin/sh;
			shellScript = "cp -rf ../gameplay-1.6/gameplay/res/shaders ${SRCROOT}/res\ncp -rf ../gameplay-1.6/gameplay/res/logo_powered_white.png ${SRCROOT}/res\ntouch -cm ${SRCROOT}/res";
		};
		5B61612414CCC24C0073B857 /* ShellScript */ = {
			isa = PBXShellScriptBuildPhase;
			buildActionMask = 2147483647;
			files = (
			);
			inputPaths = (
			);
			outputPaths = (
			);
			runOnlyForDeploymentPostprocessing = 0;
			shellPath = /bin/sh;
			shellScript = "cp -rf ../gameplay-1.6/gameplay/res/shaders ${SRCROOT}/res\ncp -rf ../gameplay-1.6/gameplay/res/logo_powered_white.png ${SRCROOT}/res\ntouch -cm ${SRCROOT}/res";
		};
/* End PBXShellScriptBuildPhase section */

/* Begin PBXSourcesBuildPhase section */
		42C932B81491A0DB0098216A /* Sources */ = {
			isa = PBXSourcesBuildPhase;
			buildActionMask = 2147483647;
			files = (
				42C932F11491A5160098216A /* words.cpp in Sources */,
				9041D25516C6BBB00098C475 /* camera_control.cpp in Sources */,
				905108D716D4A59700E17584 /* input_event_handler.cpp in Sources */,
				905108D816D4A59700E17584 /* letter_controller.cpp in Sources */,
				905108D916D4A59700E17584 /* renderable_node_repository.cpp in Sources */,
				905108DA16D4A59700E17584 /* tile.cpp in Sources */,
				90A2D13616DB369500E6C6DA /* animation.cpp in Sources */,
				90A2D13716DB369500E6C6DA /* letter_provider.cpp in Sources */,
				90A2D14A16DC8D6700E6C6DA /* selected_text_label.cpp in Sources */,
				90A2D16F16DDC92700E6C6DA /* affentry.cxx in Sources */,
				90A2D17016DDC92700E6C6DA /* affixmgr.cxx in Sources */,
				90A2D17116DDC92700E6C6DA /* csutil.cxx in Sources */,
				90A2D17216DDC92700E6C6DA /* dictmgr.cxx in Sources */,
				90A2D17316DDC92700E6C6DA /* filemgr.cxx in Sources */,
				90A2D17416DDC92700E6C6DA /* hashmgr.cxx in Sources */,
				90A2D17516DDC92700E6C6DA /* hunspell.cxx in Sources */,
				90A2D17616DDC92700E6C6DA /* hunzip.cxx in Sources */,
				90A2D17916DDC92700E6C6DA /* phonet.cxx in Sources */,
				90A2D17A16DDC92700E6C6DA /* replist.cxx in Sources */,
				90A2D17B16DDC92700E6C6DA /* suggestmgr.cxx in Sources */,
				90A2D17C16DDC92700E6C6DA /* utf_info.cxx in Sources */,
			);
			runOnlyForDeploymentPostprocessing = 0;
		};
		5B61611514CCC24C0073B857 /* Sources */ = {
			isa = PBXSourcesBuildPhase;
			buildActionMask = 2147483647;
			files = (
				90A2D17D16DDC93400E6C6DA /* affentry.cxx in Sources */,
				90A2D17E16DDC93400E6C6DA /* affentry.hxx in Sources */,
				90A2D17F16DDC93400E6C6DA /* affixmgr.cxx in Sources */,
				90A2D18016DDC93400E6C6DA /* affixmgr.hxx in Sources */,
				90A2D18116DDC93400E6C6DA /* atypes.hxx in Sources */,
				90A2D18216DDC93400E6C6DA /* baseaffix.hxx in Sources */,
				90A2D18316DDC93400E6C6DA /* config.h in Sources */,
				90A2D18416DDC93400E6C6DA /* csutil.cxx in Sources */,
				90A2D18516DDC93400E6C6DA /* csutil.hxx in Sources */,
				90A2D18616DDC93400E6C6DA /* dictmgr.cxx in Sources */,
				90A2D18716DDC93400E6C6DA /* dictmgr.hxx in Sources */,
				90A2D18816DDC93400E6C6DA /* filemgr.cxx in Sources */,
				90A2D18916DDC93400E6C6DA /* filemgr.hxx in Sources */,
				90A2D18A16DDC93400E6C6DA /* hashmgr.cxx in Sources */,
				90A2D18B16DDC93400E6C6DA /* hashmgr.hxx in Sources */,
				90A2D18C16DDC93400E6C6DA /* htypes.hxx in Sources */,
				90A2D18D16DDC93400E6C6DA /* hunspell.cxx in Sources */,
				90A2D18E16DDC93400E6C6DA /* hunspell.h in Sources */,
				90A2D18F16DDC93400E6C6DA /* hunspell.hxx in Sources */,
				90A2D19016DDC93400E6C6DA /* hunvisapi.h in Sources */,
				90A2D19116DDC93400E6C6DA /* hunzip.cxx in Sources */,
				90A2D19216DDC93400E6C6DA /* hunzip.hxx in Sources */,
				90A2D19316DDC93400E6C6DA /* langnum.hxx in Sources */,
				90A2D19416DDC93400E6C6DA /* license.hunspell in Sources */,
				90A2D19516DDC93400E6C6DA /* license.myspell in Sources */,
				90A2D19616DDC93400E6C6DA /* phonet.cxx in Sources */,
				90A2D19716DDC93400E6C6DA /* phonet.hxx in Sources */,
				90A2D19816DDC93400E6C6DA /* replist.cxx in Sources */,
				90A2D19916DDC93400E6C6DA /* replist.hxx in Sources */,
				90A2D19A16DDC93400E6C6DA /* suggestmgr.cxx in Sources */,
				90A2D19B16DDC93400E6C6DA /* suggestmgr.hxx in Sources */,
				90A2D19C16DDC93400E6C6DA /* utf_info.cxx in Sources */,
				90A2D19D16DDC93400E6C6DA /* w_char.hxx in Sources */,
				90A2D14B16DC8D6E00E6C6DA /* selected_text_label.cpp in Sources */,
				90A2D14C16DC8D6E00E6C6DA /* selected_text_label.hpp in Sources */,
				90A2D13816DB369D00E6C6DA /* animation.cpp in Sources */,
				90A2D13916DB369D00E6C6DA /* animation.hpp in Sources */,
				90A2D13A16DB369D00E6C6DA /* letter_provider.cpp in Sources */,
				90A2D13B16DB369D00E6C6DA /* letter_provider.hpp in Sources */,
				90A2D13C16DB369D00E6C6DA /* input_event_handler.cpp in Sources */,
				90A2D13D16DB369D00E6C6DA /* input_event_handler.hpp in Sources */,
				90A2D13E16DB369D00E6C6DA /* letter_controller.cpp in Sources */,
				90A2D13F16DB369D00E6C6DA /* letter_controller.hpp in Sources */,
				90A2D14016DB369D00E6C6DA /* renderable_node_repository.cpp in Sources */,
				90A2D14116DB369D00E6C6DA /* renderable_node_repository.hpp in Sources */,
				90A2D14216DB369D00E6C6DA /* tile.cpp in Sources */,
				90A2D14316DB369D00E6C6DA /* tile.hpp in Sources */,
				90A2D14416DB369D00E6C6DA /* camera_control.cpp in Sources */,
				90A2D14516DB369D00E6C6DA /* camera_control.hpp in Sources */,
				90A2D14616DB369D00E6C6DA /* words.cpp in Sources */,
				90A2D14716DB369D00E6C6DA /* words.h in Sources */,
			);
			runOnlyForDeploymentPostprocessing = 0;
		};
/* End PBXSourcesBuildPhase section */

/* Begin XCBuildConfiguration section */
		42C932D81491A0DB0098216A /* Debug */ = {
			isa = XCBuildConfiguration;
			buildSettings = {
				ALWAYS_SEARCH_USER_PATHS = NO;
				ARCHS = "$(ARCHS_STANDARD_32_BIT)";
				COPY_PHASE_STRIP = NO;
				GCC_C_LANGUAGE_STANDARD = gnu99;
				GCC_DYNAMIC_NO_PIC = NO;
				GCC_ENABLE_OBJC_EXCEPTIONS = YES;
				GCC_OPTIMIZATION_LEVEL = 0;
				GCC_PREPROCESSOR_DEFINITIONS = (
					"DEBUG=1",
					"$(inherited)",
				);
				GCC_SYMBOLS_PRIVATE_EXTERN = NO;
				GCC_VERSION = com.apple.compilers.llvm.clang.1_0;
				GCC_WARN_64_TO_32_BIT_CONVERSION = YES;
				GCC_WARN_ABOUT_MISSING_PROTOTYPES = YES;
				GCC_WARN_ABOUT_RETURN_TYPE = YES;
				GCC_WARN_UNUSED_VARIABLE = YES;
				GENERATE_PKGINFO_FILE = YES;
				INFOPLIST_FILE = "words-macosx.plist";
				MACOSX_DEPLOYMENT_TARGET = 10.7;
				ONLY_ACTIVE_ARCH = YES;
				PRODUCT_NAME = "$(TARGET_NAME)";
				SDKROOT = macosx;
				VALID_ARCHS = "armv7 armv7s i386 x86_64";
			};
			name = Debug;
		};
		42C932D91491A0DB0098216A /* Release */ = {
			isa = XCBuildConfiguration;
			buildSettings = {
				ALWAYS_SEARCH_USER_PATHS = NO;
				ARCHS = "$(ARCHS_STANDARD_32_BIT)";
				COPY_PHASE_STRIP = YES;
				DEBUG_INFORMATION_FORMAT = "dwarf-with-dsym";
				GCC_C_LANGUAGE_STANDARD = gnu99;
				GCC_ENABLE_OBJC_EXCEPTIONS = YES;
				GCC_VERSION = com.apple.compilers.llvm.clang.1_0;
				GCC_WARN_64_TO_32_BIT_CONVERSION = YES;
				GCC_WARN_ABOUT_MISSING_PROTOTYPES = YES;
				GCC_WARN_ABOUT_RETURN_TYPE = YES;
				GCC_WARN_UNUSED_VARIABLE = YES;
				GENERATE_PKGINFO_FILE = YES;
				INFOPLIST_FILE = "words-macosx.plist";
				MACOSX_DEPLOYMENT_TARGET = 10.7;
				PRODUCT_NAME = "$(TARGET_NAME)";
				SDKROOT = macosx;
				VALID_ARCHS = "armv7 armv7s i386 x86_64";
			};
			name = Release;
		};
		42C932DB1491A0DB0098216A /* Debug */ = {
			isa = XCBuildConfiguration;
			buildSettings = {
				ARCHS = armv7;
				COMBINE_HIDPI_IMAGES = YES;
				GCC_PRECOMPILE_PREFIX_HEADER = NO;
				GCC_WARN_64_TO_32_BIT_CONVERSION = NO;
				GCC_WARN_UNUSED_VARIABLE = NO;
				HEADER_SEARCH_PATHS = (
					"../gameplay-1.6/gameplay/src",
					"../gameplay-1.6/external-deps/bullet/include",
					"../gameplay-1.6/external-deps/lua/include",
					"../gameplay-1.6/external-deps/libpng/include",
					"../gameplay-1.6/external-deps/oggvorbis/include",
				);
				INFOPLIST_FILE = "words-macosx.plist";
				LIBRARY_SEARCH_PATHS = (
					"$(inherited)",
					"\"../gameplay-1.6/external-deps/bullet/lib/macosx\"",
					"\"../gameplay-1.6/external-deps/lua/lib/macosx\"",
					"\"../gameplay-1.6/external-deps/libpng/lib/macosx\"",
					"\"../gameplay-1.6/external-deps/oggvorbis/lib/macosx\"",
					"\"~/Library/Developer/Xcode/DerivedData/gameplay-exiunaubxxjndaapmcqkaoeboiob/Build/Products/Debug\"",
				);
				PRODUCT_NAME = "$(TARGET_NAME)";
				USER_HEADER_SEARCH_PATHS = "";
				VALID_ARCHS = "i386 x86_64";
				WRAPPER_EXTENSION = app;
			};
			name = Debug;
		};
		42C932DC1491A0DB0098216A /* Release */ = {
			isa = XCBuildConfiguration;
			buildSettings = {
				ARCHS = armv7;
				COMBINE_HIDPI_IMAGES = YES;
				GCC_PRECOMPILE_PREFIX_HEADER = NO;
				GCC_WARN_64_TO_32_BIT_CONVERSION = NO;
				GCC_WARN_UNUSED_VARIABLE = NO;
				HEADER_SEARCH_PATHS = (
					"../gameplay-1.6/gameplay/src",
					"../gameplay-1.6/external-deps/bullet/include",
					"../gameplay-1.6/external-deps/lua/include",
					"../gameplay-1.6/external-deps/libpng/include",
					"../gameplay-1.6/external-deps/oggvorbis/include",
				);
				INFOPLIST_FILE = "words-macosx.plist";
				LIBRARY_SEARCH_PATHS = (
					"$(inherited)",
					"\"../gameplay-1.6/external-deps/bullet/lib/macosx\"",
					"\"../gameplay-1.6/external-deps/lua/lib/macosx\"",
					"\"../gameplay-1.6/external-deps/libpng/lib/macosx\"",
					"\"../gameplay-1.6/external-deps/oggvorbis/lib/macosx\"",
					"\"~/Library/Developer/Xcode/DerivedData/gameplay-exiunaubxxjndaapmcqkaoeboiob/Build/Products/Debug\"",
				);
				PRODUCT_NAME = "$(TARGET_NAME)";
				USER_HEADER_SEARCH_PATHS = "";
				VALID_ARCHS = "i386 x86_64";
				WRAPPER_EXTENSION = app;
			};
			name = Release;
		};
		5B61612A14CCC24C0073B857 /* Debug */ = {
			isa = XCBuildConfiguration;
			buildSettings = {
				ARCHS = "$(ARCHS_STANDARD_32_BIT)";
				CODE_SIGN_IDENTITY = "iPhone Developer";
				GCC_PRECOMPILE_PREFIX_HEADER = NO;
				GCC_WARN_64_TO_32_BIT_CONVERSION = NO;
				GCC_WARN_UNUSED_VARIABLE = NO;
				HEADER_SEARCH_PATHS = (
					"../gameplay-1.6/gameplay/src",
					"../gameplay-1.6/external-deps/bullet/include",
					"../gameplay-1.6/external-deps/lua/include",
					"../gameplay-1.6/external-deps/libpng/include",
					"../gameplay-1.6/external-deps/oggvorbis/include",
				);
				INFOPLIST_FILE = "words-ios.plist";
				IPHONEOS_DEPLOYMENT_TARGET = 6.0;
				LIBRARY_SEARCH_PATHS = (
					"$(inherited)",
					"\"../gameplay-1.6/external-deps/bullet/lib/ios/$(CURRENT_ARCH)\"",
					"\"../gameplay-1.6/external-deps/lua/lib/ios/$(CURRENT_ARCH)\"",
					"\"../gameplay-1.6/external-deps/libpng/lib/ios/$(CURRENT_ARCH)\"",
					"\"../gameplay-1.6/external-deps/oggvorbis/lib/ios/$(CURRENT_ARCH)\"",
					"\"~/Library/Developer/Xcode/DerivedData/gameplay-exiunaubxxjndaapmcqkaoeboiob/Build/Products/Debug-iphoneos\"",
				);
				SDKROOT = iphoneos;
				TARGETED_DEVICE_FAMILY = "1,2";
				USER_HEADER_SEARCH_PATHS = "";
				VALID_ARCHS = "armv7 armv7s";
				WRAPPER_EXTENSION = app;
			};
			name = Debug;
		};
		5B61612B14CCC24C0073B857 /* Release */ = {
			isa = XCBuildConfiguration;
			buildSettings = {
				ARCHS = "$(ARCHS_STANDARD_32_BIT)";
				CODE_SIGN_IDENTITY = "iPhone Developer";
				GCC_PRECOMPILE_PREFIX_HEADER = NO;
				GCC_WARN_64_TO_32_BIT_CONVERSION = NO;
				GCC_WARN_UNUSED_VARIABLE = NO;
				HEADER_SEARCH_PATHS = (
					"../gameplay-1.6/gameplay/src",
					"../gameplay-1.6/external-deps/bullet/include",
					"../gameplay-1.6/external-deps/lua/include",
					"../gameplay-1.6/external-deps/libpng/include",
					"../gameplay-1.6/external-deps/oggvorbis/include",
				);
				INFOPLIST_FILE = "words-ios.plist";
				IPHONEOS_DEPLOYMENT_TARGET = 6.0;
				LIBRARY_SEARCH_PATHS = (
					"$(inherited)",
					"\"../gameplay-1.6/external-deps/bullet/lib/ios/$(CURRENT_ARCH)\"",
					"\"../gameplay-1.6/external-deps/lua/lib/ios/$(CURRENT_ARCH)\"",
					"\"../gameplay-1.6/external-deps/libpng/lib/ios/$(CURRENT_ARCH)\"",
					"\"../gameplay-1.6/external-deps/oggvorbis/lib/ios/$(CURRENT_ARCH)\"",
					"\"~/Library/Developer/Xcode/DerivedData/gameplay-exiunaubxxjndaapmcqkaoeboiob/Build/Products/Debug-iphoneos\"",
				);
				SDKROOT = iphoneos;
				TARGETED_DEVICE_FAMILY = "1,2";
				USER_HEADER_SEARCH_PATHS = "";
				VALID_ARCHS = "armv7 armv7s";
				WRAPPER_EXTENSION = app;
			};
			name = Release;
		};
/* End XCBuildConfiguration section */

/* Begin XCConfigurationList section */
		42C932B61491A0DB0098216A /* Build configuration list for PBXProject "words" */ = {
			isa = XCConfigurationList;
			buildConfigurations = (
				42C932D81491A0DB0098216A /* Debug */,
				42C932D91491A0DB0098216A /* Release */,
			);
			defaultConfigurationIsVisible = 0;
			defaultConfigurationName = Release;
		};
		42C932DA1491A0DB0098216A /* Build configuration list for PBXNativeTarget "words-macosx" */ = {
			isa = XCConfigurationList;
			buildConfigurations = (
				42C932DB1491A0DB0098216A /* Debug */,
				42C932DC1491A0DB0098216A /* Release */,
			);
			defaultConfigurationIsVisible = 0;
			defaultConfigurationName = Release;
		};
		5B61612914CCC24C0073B857 /* Build configuration list for PBXNativeTarget "words-ios" */ = {
			isa = XCConfigurationList;
			buildConfigurations = (
				5B61612A14CCC24C0073B857 /* Debug */,
				5B61612B14CCC24C0073B857 /* Release */,
			);
			defaultConfigurationIsVisible = 0;
			defaultConfigurationName = Release;
		};
/* End XCConfigurationList section */
	};
	rootObject = 42C932B31491A0DB0098216A /* Project object */;
}
